{
	"name": "apollo-server-core",
	"version": "2.0.0",
	"lockfileVersion": 1,
	"requires": true,
	"dependencies": {
		"graphql-tag": {
			"version": "2.9.2",
			"resolved": "https://registry.npmjs.org/graphql-tag/-/graphql-tag-2.9.2.tgz",
			"integrity": "sha512-qnNmof9pAqj/LUzs3lStP0Gw1qhdVCUS7Ab7+SUB6KD5aX1uqxWQRwMnOGTkhKuLvLNIs1TvNz+iS9kUGl1MhA=="
		},
		"subscriptions-transport-ws": {
			"version": "0.9.14",
			"resolved": "https://registry.npmjs.org/subscriptions-transport-ws/-/subscriptions-transport-ws-0.9.14.tgz",
			"integrity": "sha512-n1+mgupVdJn1MIls1ZhSJurJjc+islp7Tv9EIaEJ3HAd9DaINneKq0KRqOYNOrvUI7orVWGomEnlIxoudjfbeA==",
			"requires": {
				"backo2": "^1.0.2",
				"eventemitter3": "^3.1.0",
				"iterall": "^1.2.1",
				"symbol-observable": "^1.0.4",
				"ws": "^5.2.0"
			},
			"dependencies": {
				"backo2": {
					"version": "1.0.2",
					"resolved": "https://registry.npmjs.org/backo2/-/backo2-1.0.2.tgz",
					"integrity": "sha1-MasayLEpNjRj41s+u2n038+6eUc="
				},
				"eventemitter3": {
					"version": "3.1.0",
					"resolved": "https://registry.npmjs.org/eventemitter3/-/eventemitter3-3.1.0.tgz",
					"integrity": "sha512-ivIvhpq/Y0uSjcHDcOIccjmYjGLcP09MFGE7ysAwkAvkXfpZlC985pH2/ui64DKazbTW/4kN3yqozUxlXzI6cA=="
				},
				"iterall": {
					"version": "1.2.2",
					"resolved": "https://registry.npmjs.org/iterall/-/iterall-1.2.2.tgz",
					"integrity": "sha512-yynBb1g+RFUPY64fTrFv7nsjRrENBQJaX2UL+2Szc9REFrSNm1rpSXHGzhmAy7a9uv3vlvgBlXnf9RqmPH1/DA=="
				},
				"symbol-observable": {
					"version": "1.2.0",
					"resolved": "https://registry.npmjs.org/symbol-observable/-/symbol-observable-1.2.0.tgz",
					"integrity": "sha512-e900nM8RRtGhlV36KGEU9k65K3mPb1WV70OdjfxlG2EAuM1noi/E/BaW/uMhL7bPEssK8QV57vN3esixjUvcXQ=="
				}
			}
		},
		"ws": {
			"version": "5.2.2",
			"resolved": "https://registry.npmjs.org/ws/-/ws-5.2.2.tgz",
			"integrity": "sha512-jaHFD6PFv6UgoIVda6qZllptQsMlDEJkTQcybzzXDYM1XO9Y8em691FGMPmM46WGyLU4z9KMgQN+qrux/nhlHA==",
			"requires": {
				"async-limiter": "~1.0.0"
			},
			"dependencies": {
				"async-limiter": {
					"version": "1.0.0",
					"resolved": "https://registry.npmjs.org/async-limiter/-/async-limiter-1.0.0.tgz",
					"integrity": "sha512-jp/uFnooOiO+L211eZOoSyzpOITMXx1rBITauYykG3BRYPu8h0UcxsPNB04RR5vo4Tyz3+ay17tR6JVf9qzYWg=="
				}
			}
		}
	}
}
