{
  "name": "apollo-server-core",
  "version": "2.19.2",
  "lockfileVersion": 1,
  "requires": true,
  "dependencies": {
    "busboy": {
      "version": "0.3.1",
      "resolved": "https://registry.npmjs.org/busboy/-/busboy-0.3.1.tgz",
      "integrity": "sha512-y7tTxhGKXcyBxRKAni+awqx8uqaJKrSFSNFSeRG5CsWNdmy2BIK+6VGWEW7TZnIO/533mtMEA4rOevQV815YJw==",
      "requires": {
        "dicer": "0.3.0"
      }
    },
    "depd": {
      "version": "1.1.2",
      "resolved": "https://registry.npmjs.org/depd/-/depd-1.1.2.tgz",
      "integrity": "sha1-m81S4UwJd2PnSbJ0xDRu0uVgtak="
    },
    "dicer": {
      "version": "0.3.0",
      "resolved": "https://registry.npmjs.org/dicer/-/dicer-0.3.0.tgz",
      "integrity": "sha512-MdceRRWqltEG2dZqO769g27N/3PXfcKl04VhYnBlo2YhH7zPi88VebsjTKclaOyiuMaGU72hTfw3VkUitGcVCA==",
      "requires": {
        "streamsearch": "0.1.2"
      }
    },
    "fs-capacitor": {
      "version": "6.2.0",
      "resolved": "https://registry.npmjs.org/fs-capacitor/-/fs-capacitor-6.2.0.tgz",
      "integrity": "sha512-nKcE1UduoSKX27NSZlg879LdQc94OtbOsEmKMN2MBNudXREvijRKx2GEBsTMTfws+BrbkJoEuynbGSVRSpauvw=="
    },
    "graphql-upload": {
      "version": "11.0.0",
      "resolved": "https://registry.npmjs.org/graphql-upload/-/graphql-upload-11.0.0.tgz",
      "integrity": "sha512-zsrDtu5gCbQFDWsNa5bMB4nf1LpKX9KDgh+f8oL1288ijV4RxeckhVozAjqjXAfRpxOHD1xOESsh6zq8SjdgjA==",
      "requires": {
        "busboy": "^0.3.1",
        "fs-capacitor": "^6.1.0",
        "http-errors": "^1.7.3",
        "isobject": "^4.0.0",
        "object-path": "^0.11.4"
      }
    },
    "http-errors": {
      "version": "1.8.0",
      "resolved": "https://registry.npmjs.org/http-errors/-/http-errors-1.8.0.tgz",
      "integrity": "sha512-4I8r0C5JDhT5VkvI47QktDW75rNlGVsUf/8hzjCC/wkWI/jdTRmBb9aI7erSG82r1bjKY3F6k28WnsVxB1C73A==",
      "requires": {
        "depd": "~1.1.2",
        "inherits": "2.0.4",
        "setprototypeof": "1.2.0",
        "statuses": ">= 1.5.0 < 2",
        "toidentifier": "1.0.0"
      }
    },
    "inherits": {
      "version": "2.0.4",
      "resolved": "https://registry.npmjs.org/inherits/-/inherits-2.0.4.tgz",
      "integrity": "sha512-k/vGaX4/Yla3WzyMCvTQOXYeIHvqOKtnqBduzTHpzpQZzAskKMhZ2K+EnBiSM9zGSoIFeMpXKxa4dYeZIQqewQ=="
    },
    "isobject": {
      "version": "4.0.0",
      "resolved": "https://registry.npmjs.org/isobject/-/isobject-4.0.0.tgz",
      "integrity": "sha512-S/2fF5wH8SJA/kmwr6HYhK/RI/OkhD84k8ntalo0iJjZikgq1XFvR5M8NPT1x5F7fBwCG3qHfnzeP/Vh/ZxCUA=="
    },
    "object-path": {
      "version": "0.11.5",
      "resolved": "https://registry.npmjs.org/object-path/-/object-path-0.11.5.tgz",
      "integrity": "sha512-jgSbThcoR/s+XumvGMTMf81QVBmah+/Q7K7YduKeKVWL7N111unR2d6pZZarSk6kY/caeNxUDyxOvMWyzoU2eg=="
    },
    "setprototypeof": {
      "version": "1.2.0",
      "resolved": "https://registry.npmjs.org/setprototypeof/-/setprototypeof-1.2.0.tgz",
      "integrity": "sha512-E5LDX7Wrp85Kil5bhZv46j8jOeboKq5JMmYM3gVGdGH8xFpPWXUMsNrlODCrkoxMEeNi/XZIwuRvY4XNwYMJpw=="
    },
    "statuses": {
      "version": "1.5.0",
      "resolved": "https://registry.npmjs.org/statuses/-/statuses-1.5.0.tgz",
      "integrity": "sha1-Fhx9rBd2Wf2YEfQ3cfqZOBR4Yow="
    },
    "streamsearch": {
      "version": "0.1.2",
      "resolved": "https://registry.npmjs.org/streamsearch/-/streamsearch-0.1.2.tgz",
      "integrity": "sha1-gIudDlb8Jz2Am6VzOOkpkZoanxo="
    },
    "toidentifier": {
      "version": "1.0.0",
      "resolved": "https://registry.npmjs.org/toidentifier/-/toidentifier-1.0.0.tgz",
      "integrity": "sha512-yaOH/Pk/VEhBWWTlhI+qXxDFXlejDGcQipMlyxda9nthulaxLZUNcUqFxokp0vcYnvteJln5FNQDRrxj3YcbVw=="
    }
  }
}
