{
  "name": "apollo-server-core",
  "version": "1.0.2",
  "lockfileVersion": 1,
  "requires": true,
  "dependencies": {
    "@types/fibers": {
      "version": "https://registry.npmjs.org/@types/fibers/-/fibers-0.0.29.tgz",
      "integrity": "sha1-TIFSCacX7eUFwwQLTjoxp/UjnUk=",
      "dev": true
    },
    "@types/graphql": {
      "version": "https://registry.npmjs.org/@types/graphql/-/graphql-0.9.4.tgz",
      "integrity": "sha1-zetry++bbFhDdLgap/SOzz2kBPo=",
      "optional": true
    },
    "apollo-tracing": {
      "version": "0.0.4",
      "resolved": "https://registry.npmjs.org/apollo-tracing/-/apollo-tracing-0.0.4.tgz",
      "integrity": "sha512-3YgRY1k6ZT/shNyi+sJpv4FXBhLZnq/++gf3eqNz0uvpxsb6DQS+DA9ECIndD2PZeAmN90EiXyr/0jxZu9wYrw==",
      "requires": {
        "graphql-tools": "1.1.0"
      }
    },
    "deprecated-decorator": {
      "version": "0.1.6",
      "resolved": "https://registry.npmjs.org/deprecated-decorator/-/deprecated-decorator-0.1.6.tgz",
      "integrity": "sha1-AJZjF7ehL+kvPMgx91g68ym4bDc="
    },
    "fibers": {
      "version": "https://registry.npmjs.org/fibers/-/fibers-1.0.15.tgz",
      "integrity": "sha1-IvA5yPGLhWGQ+75N7PBWFUwerpw=",
      "dev": true
    },
    "graphql-tools": {
      "version": "1.1.0",
      "resolved": "https://registry.npmjs.org/graphql-tools/-/graphql-tools-1.1.0.tgz",
      "integrity": "sha1-jYbqaZew3qMIm2LcZV5HFGpmPrs=",
      "requires": {
        "@types/graphql": "https://registry.npmjs.org/@types/graphql/-/graphql-0.9.4.tgz",
        "deprecated-decorator": "0.1.6",
        "lodash": "4.17.4",
        "uuid": "3.1.0"
      }
    },
    "lodash": {
      "version": "4.17.4",
      "resolved": "https://registry.npmjs.org/lodash/-/lodash-4.17.4.tgz",
      "integrity": "sha1-eCA6TRwyiuHYbcpkYONptX9AVa4="
    },
    "meteor-promise": {
      "version": "https://registry.npmjs.org/meteor-promise/-/meteor-promise-0.8.5.tgz",
      "integrity": "sha1-SjnyF1lQLerdy7Bo//qbXacRbEc=",
      "dev": true
    },
    "uuid": {
      "version": "3.1.0",
      "resolved": "https://registry.npmjs.org/uuid/-/uuid-3.1.0.tgz",
      "integrity": "sha512-DIWtzUkw04M4k3bf1IcpS2tngXEL26YUD2M0tMDUpnUrz2hgzUBlD55a4FjdLGPvfHxS6uluGWvaVEqgBcVa+g=="
    }
  }
}
