{
  "name": "apollo-tracing",
  "version": "0.1.2",
  "lockfileVersion": 1,
  "requires": true,
  "dependencies": {
    "@types/graphql": {
      "version": "0.11.8",
      "resolved": "https://registry.npmjs.org/@types/graphql/-/graphql-0.11.8.tgz",
      "integrity": "sha512-xGWx4kx9JKlqxDrZA12gw5qi2lvxPNLxnQQcoTXVX83MuGcXcpb7TADatGyGW51GaaXQOQTbjw3x4HuL3ULBaA==",
      "dev": true
    },
    "@types/jest": {
      "version": "22.0.1",
      "resolved": "https://registry.npmjs.org/@types/jest/-/jest-22.0.1.tgz",
      "integrity": "sha512-EnHbIkYnKdvsWbR6uMlcpWS/fljyzbZvN2tHZwT80StJG1790XSkAHJiJ2IJMZyYtIDycNAwXg2O3lO4S7rHog==",
      "dev": true
    },
    "@types/node": {
      "version": "9.3.0",
      "resolved": "https://registry.npmjs.org/@types/node/-/node-9.3.0.tgz",
      "integrity": "sha512-wNBfvNjzsJl4tswIZKXCFQY0lss9nKUyJnG6T94X/eqjRgI2jHZ4evdjhQYBSan/vGtF6XVXPApOmNH2rf0KKw==",
      "dev": true
    },
    "core-js": {
      "version": "2.5.3",
      "resolved": "https://registry.npmjs.org/core-js/-/core-js-2.5.3.tgz",
      "integrity": "sha1-isw4NFgk8W2DZbfJtCWRaOjtYD4="
    },
    "graphql-extensions": {
      "version": "0.0.6",
      "resolved": "https://registry.npmjs.org/graphql-extensions/-/graphql-extensions-0.0.6.tgz",
      "integrity": "sha512-gdAMGr87n0pzOabNoudF4cIsav1d0l43/YaH7vy1wsy8w+qKRWHHWKy6+r5dKj3qFcQWBDVoofXOYLtH/5n7jQ==",
      "requires": {
        "core-js": "2.5.3",
        "source-map-support": "0.5.1"
      }
    },
    "source-map": {
      "version": "0.6.1",
      "resolved": "https://registry.npmjs.org/source-map/-/source-map-0.6.1.tgz",
      "integrity": "sha512-UjgapumWlbMhkBgzT7Ykc5YXUT46F0iKu8SGXq0bcwP5dz/h0Plj6enJqjz1Zbq2l5WaqYnrVbwWOWMyF3F47g=="
    },
    "source-map-support": {
      "version": "0.5.1",
      "resolved": "https://registry.npmjs.org/source-map-support/-/source-map-support-0.5.1.tgz",
      "integrity": "sha512-EZNecLNrsdRk9fcdOcjjy+Z/id7cr68sdmsYtR1gA45oQ81Ccea0UvM7DdSRblO0Ie5zWX31bvJTC7Y3QZVujg==",
      "requires": {
        "source-map": "0.6.1"
      }
    },
    "typescript": {
      "version": "2.6.2",
      "resolved": "https://registry.npmjs.org/typescript/-/typescript-2.6.2.tgz",
      "integrity": "sha1-PFtv1/beCRQmkCfwPAlGdY92c6Q=",
      "dev": true
    }
  }
}
