{
  "name": "@apollo/server",
  "version": "3.0.0-alpha.0",
  "lockfileVersion": 1,
  "requires": true,
  "dependencies": {
    "@apollographql/apollo-tools": {
      "version": "0.4.0",
      "resolved": "https://registry.npmjs.org/@apollographql/apollo-tools/-/apollo-tools-0.4.0.tgz",
      "integrity": "sha512-7wEO+S+zgz/wVe3ilFQqICufRBYYDSNUkd1V03JWvXuSydbYq2SM5EgvWmFF+04iadt+aQ0XCCsRzCzRPQODfQ==",
      "requires": {
        "apollo-env": "0.5.1"
      }
    },
    "@apollographql/graphql-playground-html": {
      "version": "1.6.24",
      "resolved": "https://registry.npmjs.org/@apollographql/graphql-playground-html/-/graphql-playground-html-1.6.24.tgz",
      "integrity": "sha512-8GqG48m1XqyXh4mIZrtB5xOhUwSsh1WsrrsaZQOEYYql3YN9DEu9OOSg0ILzXHZo/h2Q74777YE4YzlArQzQEQ=="
    },
    "@protobufjs/aspromise": {
      "version": "1.1.2",
      "resolved": "https://registry.npmjs.org/@protobufjs/aspromise/-/aspromise-1.1.2.tgz",
      "integrity": "sha1-m4sMxmPWaafY9vXQiToU00jzD78="
    },
    "@protobufjs/base64": {
      "version": "1.1.2",
      "resolved": "https://registry.npmjs.org/@protobufjs/base64/-/base64-1.1.2.tgz",
      "integrity": "sha512-AZkcAA5vnN/v4PDqKyMR5lx7hZttPDgClv83E//FMNhR2TMcLUhfRUBHCmSl0oi9zMgDDqRUJkSxO3wm85+XLg=="
    },
    "@protobufjs/codegen": {
      "version": "2.0.4",
      "resolved": "https://registry.npmjs.org/@protobufjs/codegen/-/codegen-2.0.4.tgz",
      "integrity": "sha512-YyFaikqM5sH0ziFZCN3xDC7zeGaB/d0IUb9CATugHWbd1FRFwWwt4ld4OYMPWu5a3Xe01mGAULCdqhMlPl29Jg=="
    },
    "@protobufjs/eventemitter": {
      "version": "1.1.0",
      "resolved": "https://registry.npmjs.org/@protobufjs/eventemitter/-/eventemitter-1.1.0.tgz",
      "integrity": "sha1-NVy8mLr61ZePntCV85diHx0Ga3A="
    },
    "@protobufjs/fetch": {
      "version": "1.1.0",
      "resolved": "https://registry.npmjs.org/@protobufjs/fetch/-/fetch-1.1.0.tgz",
      "integrity": "sha1-upn7WYYUr2VwDBYZ/wbUVLDYTEU=",
      "requires": {
        "@protobufjs/aspromise": "^1.1.1",
        "@protobufjs/inquire": "^1.1.0"
      }
    },
    "@protobufjs/float": {
      "version": "1.0.2",
      "resolved": "https://registry.npmjs.org/@protobufjs/float/-/float-1.0.2.tgz",
      "integrity": "sha1-Xp4avctz/Ap8uLKR33jIy9l7h9E="
    },
    "@protobufjs/inquire": {
      "version": "1.1.0",
      "resolved": "https://registry.npmjs.org/@protobufjs/inquire/-/inquire-1.1.0.tgz",
      "integrity": "sha1-/yAOPnzyQp4tyvwRQIKOjMY48Ik="
    },
    "@protobufjs/path": {
      "version": "1.1.2",
      "resolved": "https://registry.npmjs.org/@protobufjs/path/-/path-1.1.2.tgz",
      "integrity": "sha1-bMKyDFya1q0NzP0hynZz2Nf79o0="
    },
    "@protobufjs/pool": {
      "version": "1.1.0",
      "resolved": "https://registry.npmjs.org/@protobufjs/pool/-/pool-1.1.0.tgz",
      "integrity": "sha1-Cf0V8tbTq/qbZbw2ZQbWrXhG/1Q="
    },
    "@protobufjs/utf8": {
      "version": "1.1.0",
      "resolved": "https://registry.npmjs.org/@protobufjs/utf8/-/utf8-1.1.0.tgz",
      "integrity": "sha1-p3c2C1s5oaLlEG+OhY8v0tBgxXA="
    },
    "@types/accepts": {
      "version": "1.3.5",
      "resolved": "https://registry.npmjs.org/@types/accepts/-/accepts-1.3.5.tgz",
      "integrity": "sha512-jOdnI/3qTpHABjM5cx1Hc0sKsPoYCp+DP/GJRGtDlPd7fiV9oXGGIcjW/ZOxLIvjGz8MA+uMZI9metHlgqbgwQ==",
      "requires": {
        "@types/node": "*"
      }
    },
    "@types/body-parser": {
      "version": "1.17.1",
      "resolved": "https://registry.npmjs.org/@types/body-parser/-/body-parser-1.17.1.tgz",
      "integrity": "sha512-RoX2EZjMiFMjZh9lmYrwgoP9RTpAjSHiJxdp4oidAQVO02T7HER3xj9UKue5534ULWeqVEkujhWcyvUce+d68w==",
      "requires": {
        "@types/connect": "*",
        "@types/node": "*"
      }
    },
    "@types/connect": {
      "version": "3.4.32",
      "resolved": "https://registry.npmjs.org/@types/connect/-/connect-3.4.32.tgz",
      "integrity": "sha512-4r8qa0quOvh7lGD0pre62CAb1oni1OO6ecJLGCezTmhQ8Fz50Arx9RUszryR8KlgK6avuSXvviL6yWyViQABOg==",
      "requires": {
        "@types/node": "*"
      }
    },
    "@types/cookies": {
      "version": "0.7.2",
      "resolved": "https://registry.npmjs.org/@types/cookies/-/cookies-0.7.2.tgz",
      "integrity": "sha512-jnihWgshWystcJKrz8C9hV+Ot9lqOUyAh2RF+o3BEo6K6AS2l4zYCb9GYaBuZ3C6Il59uIGqpE3HvCun4KKeJA==",
      "requires": {
        "@types/connect": "*",
        "@types/express": "*",
        "@types/keygrip": "*",
        "@types/node": "*"
      }
    },
    "@types/express": {
      "version": "4.17.1",
      "resolved": "https://registry.npmjs.org/@types/express/-/express-4.17.1.tgz",
      "integrity": "sha512-VfH/XCP0QbQk5B5puLqTLEeFgR8lfCJHZJKkInZ9mkYd+u8byX0kztXEQxEk4wZXJs8HI+7km2ALXjn4YKcX9w==",
      "requires": {
        "@types/body-parser": "*",
        "@types/express-serve-static-core": "*",
        "@types/serve-static": "*"
      }
    },
    "@types/express-serve-static-core": {
      "version": "4.16.9",
      "resolved": "https://registry.npmjs.org/@types/express-serve-static-core/-/express-serve-static-core-4.16.9.tgz",
      "integrity": "sha512-GqpaVWR0DM8FnRUJYKlWgyARoBUAVfRIeVDZQKOttLFp5SmhhF9YFIYeTPwMd/AXfxlP7xVO2dj1fGu0Q+krKQ==",
      "requires": {
        "@types/node": "*",
        "@types/range-parser": "*"
      }
    },
    "@types/fs-capacitor": {
      "version": "2.0.0",
      "resolved": "https://registry.npmjs.org/@types/fs-capacitor/-/fs-capacitor-2.0.0.tgz",
      "integrity": "sha512-FKVPOCFbhCvZxpVAMhdBdTfVfXUpsh15wFHgqOKxh9N9vzWZVuWCSijZ5T4U34XYNnuj2oduh6xcs1i+LPI+BQ==",
      "requires": {
        "@types/node": "*"
      }
    },
    "@types/graphql-upload": {
      "version": "8.0.3",
      "resolved": "https://registry.npmjs.org/@types/graphql-upload/-/graphql-upload-8.0.3.tgz",
      "integrity": "sha512-hmLg9pCU/GmxBscg8GCr1vmSoEmbItNNxdD5YH2TJkXm//8atjwuprB+xJBK714JG1dkxbbhp5RHX+Pz1KsCMA==",
      "requires": {
        "@types/express": "*",
        "@types/fs-capacitor": "*",
        "@types/koa": "*",
        "graphql": "^14.5.3"
      }
    },
    "@types/http-assert": {
      "version": "1.5.1",
      "resolved": "https://registry.npmjs.org/@types/http-assert/-/http-assert-1.5.1.tgz",
      "integrity": "sha512-PGAK759pxyfXE78NbKxyfRcWYA/KwW17X290cNev/qAsn9eQIxkH4shoNBafH37wewhDG/0p1cHPbK6+SzZjWQ=="
    },
    "@types/keygrip": {
      "version": "1.0.1",
      "resolved": "https://registry.npmjs.org/@types/keygrip/-/keygrip-1.0.1.tgz",
      "integrity": "sha1-/1QEYtL7TQqIRBzq8n0oewHD2Hg="
    },
    "@types/koa": {
      "version": "2.0.49",
      "resolved": "https://registry.npmjs.org/@types/koa/-/koa-2.0.49.tgz",
      "integrity": "sha512-WQWpCH8O4Dslk8IcXfazff40aM1jXX7BQRbADIj/fKozVPu76P/wQE4sRe2SCWMn8yNkOcare2MkDrnZqLMkPQ==",
      "requires": {
        "@types/accepts": "*",
        "@types/cookies": "*",
        "@types/http-assert": "*",
        "@types/keygrip": "*",
        "@types/koa-compose": "*",
        "@types/node": "*"
      }
    },
    "@types/koa-compose": {
      "version": "3.2.4",
      "resolved": "https://registry.npmjs.org/@types/koa-compose/-/koa-compose-3.2.4.tgz",
      "integrity": "sha512-ioou0rxkuWL+yBQYsHUQAzRTfVxAg8Y2VfMftU+Y3RA03/MzuFL0x/M2sXXj3PkfnENbHsjeHR1aMdezLYpTeA==",
      "requires": {
        "@types/koa": "*"
      }
    },
    "@types/long": {
      "version": "4.0.0",
      "resolved": "https://registry.npmjs.org/@types/long/-/long-4.0.0.tgz",
      "integrity": "sha512-1w52Nyx4Gq47uuu0EVcsHBxZFJgurQ+rTKS3qMHxR1GY2T8c2AJYd6vZoZ9q1rupaDjU0yT+Jc2XTyXkjeMA+Q=="
    },
    "@types/mime": {
      "version": "2.0.1",
      "resolved": "https://registry.npmjs.org/@types/mime/-/mime-2.0.1.tgz",
      "integrity": "sha512-FwI9gX75FgVBJ7ywgnq/P7tw+/o1GUbtP0KzbtusLigAOgIgNISRK0ZPl4qertvXSIE8YbsVJueQ90cDt9YYyw=="
    },
    "@types/node": {
      "version": "12.7.3",
      "resolved": "https://registry.npmjs.org/@types/node/-/node-12.7.3.tgz",
      "integrity": "sha512-3SiLAIBkDWDg6vFo0+5YJyHPWU9uwu40Qe+v+0MH8wRKYBimHvvAOyk3EzMrD/TrIlLYfXrqDqrg913PynrMJQ=="
    },
    "@types/range-parser": {
      "version": "1.2.3",
      "resolved": "https://registry.npmjs.org/@types/range-parser/-/range-parser-1.2.3.tgz",
      "integrity": "sha512-ewFXqrQHlFsgc09MK5jP5iR7vumV/BYayNC6PgJO2LPe8vrnNFyjQjSppfEngITi0qvfKtzFvgKymGheFM9UOA=="
    },
    "@types/serve-static": {
      "version": "1.13.3",
      "resolved": "https://registry.npmjs.org/@types/serve-static/-/serve-static-1.13.3.tgz",
      "integrity": "sha512-oprSwp094zOglVrXdlo/4bAHtKTAxX6VT8FOZlBKrmyLbNvE1zxZyJ6yikMVtHIvwP45+ZQGJn+FdXGKTozq0g==",
      "requires": {
        "@types/express-serve-static-core": "*",
        "@types/mime": "*"
      }
    },
    "@types/ws": {
      "version": "6.0.3",
      "resolved": "https://registry.npmjs.org/@types/ws/-/ws-6.0.3.tgz",
      "integrity": "sha512-yBTM0P05Tx9iXGq00BbJPo37ox68R5vaGTXivs6RGh/BQ6QP5zqZDGWdAO6JbRE/iR1l80xeGAwCQS2nMV9S/w==",
      "requires": {
        "@types/node": "*"
      }
    },
    "@wry/equality": {
      "version": "0.1.9",
      "resolved": "https://registry.npmjs.org/@wry/equality/-/equality-0.1.9.tgz",
      "integrity": "sha512-mB6ceGjpMGz1ZTza8HYnrPGos2mC6So4NhS1PtZ8s4Qt0K7fBiIGhpSxUbQmhwcSWE3no+bYxmI2OL6KuXYmoQ==",
      "requires": {
        "tslib": "^1.9.3"
      }
    },
    "apollo-cache-control": {
      "version": "0.8.3",
      "resolved": "https://registry.npmjs.org/apollo-cache-control/-/apollo-cache-control-0.8.3.tgz",
      "integrity": "sha512-SAjWxMsSYqfADIW6Ti1KmMKXJQMKzuZcvbi358u5caEx9Nj2PRpieO4WCKcaLuJpjHTUukS+2BJp1Icfx8ZjHw==",
      "requires": {
        "apollo-server-env": "^2.4.3",
        "graphql-extensions": "^0.10.2"
      }
    },
    "apollo-datasource": {
      "version": "0.6.3",
      "resolved": "https://registry.npmjs.org/apollo-datasource/-/apollo-datasource-0.6.3.tgz",
      "integrity": "sha512-gRYyFVpJgHE2hhS+VxMeOerxXQ/QYxWG7T6QddfugJWYAG9DRCl65e2b7txcGq2NP3r+O1iCm4GNwhRBDJbd8A==",
      "requires": {
        "apollo-server-caching": "^0.5.0",
        "apollo-server-env": "^2.4.3"
      }
    },
    "apollo-datasource-rest": {
      "version": "0.6.3",
      "resolved": "https://registry.npmjs.org/apollo-datasource-rest/-/apollo-datasource-rest-0.6.3.tgz",
      "integrity": "sha512-WXIvfeiD241o67zKe4Vb7QEoycyRQMPYVgJ04ZJjANHjTmgkgMVBIK7InShSo/Rdzh58xC6HiQMw4LxYlU1AUg==",
      "requires": {
        "apollo-datasource": "^0.6.3",
        "apollo-server-caching": "^0.5.0",
        "apollo-server-env": "^2.4.3",
        "apollo-server-errors": "^2.3.3",
        "http-cache-semantics": "^4.0.0"
      }
    },
    "apollo-engine-reporting": {
      "version": "1.4.5",
      "resolved": "https://registry.npmjs.org/apollo-engine-reporting/-/apollo-engine-reporting-1.4.5.tgz",
      "integrity": "sha512-cdqQ5CtH+WflhYeBzkIuQOv+AK7s8ny69+G6PT/3P0m0eTQvEKmreiyNiNtCtRimlgs3kFP071oc8W3Jo8xdHA==",
      "requires": {
        "apollo-engine-reporting-protobuf": "^0.4.0",
        "apollo-graphql": "^0.3.3",
        "apollo-server-caching": "^0.5.0",
        "apollo-server-env": "^2.4.3",
        "apollo-server-types": "^0.2.3",
        "async-retry": "^1.2.1",
        "graphql-extensions": "^0.10.2"
      }
    },
    "apollo-engine-reporting-protobuf": {
      "version": "0.4.0",
      "resolved": "https://registry.npmjs.org/apollo-engine-reporting-protobuf/-/apollo-engine-reporting-protobuf-0.4.0.tgz",
      "integrity": "sha512-cXHZSienkis8v4RhqB3YG3DkaksqLpcxApRLTpRMs7IXNozgV7CUPYGFyFBEra1ZFgUyHXx4G9MpelV+n2cCfA==",
      "requires": {
        "protobufjs": "^6.8.6"
      }
    },
    "apollo-env": {
      "version": "0.5.1",
      "resolved": "https://registry.npmjs.org/apollo-env/-/apollo-env-0.5.1.tgz",
      "integrity": "sha512-fndST2xojgSdH02k5hxk1cbqA9Ti8RX4YzzBoAB4oIe1Puhq7+YlhXGXfXB5Y4XN0al8dLg+5nAkyjNAR2qZTw==",
      "requires": {
        "core-js": "^3.0.1",
        "node-fetch": "^2.2.0",
        "sha.js": "^2.4.11"
      }
    },
    "apollo-graphql": {
      "version": "0.3.3",
      "resolved": "https://registry.npmjs.org/apollo-graphql/-/apollo-graphql-0.3.3.tgz",
      "integrity": "sha512-t3CO/xIDVsCG2qOvx2MEbuu4b/6LzQjcBBwiVnxclmmFyAxYCIe7rpPlnLHSq7HyOMlCWDMozjoeWfdqYSaLqQ==",
      "requires": {
        "apollo-env": "0.5.1",
        "lodash.sortby": "^4.7.0"
      }
    },
    "apollo-link": {
      "version": "1.2.12",
      "resolved": "https://registry.npmjs.org/apollo-link/-/apollo-link-1.2.12.tgz",
      "integrity": "sha512-fsgIAXPKThyMVEMWQsUN22AoQI+J/pVXcjRGAShtk97h7D8O+SPskFinCGEkxPeQpE83uKaqafB2IyWdjN+J3Q==",
      "requires": {
        "apollo-utilities": "^1.3.0",
        "ts-invariant": "^0.4.0",
        "tslib": "^1.9.3",
        "zen-observable-ts": "^0.8.19"
      }
    },
    "apollo-server-caching": {
      "version": "0.5.0",
      "resolved": "https://registry.npmjs.org/apollo-server-caching/-/apollo-server-caching-0.5.0.tgz",
      "integrity": "sha512-l7ieNCGxUaUAVAAp600HjbUJxVaxjJygtPV0tPTe1Q3HkPy6LEWoY6mNHV7T268g1hxtPTxcdRu7WLsJrg7ufw==",
      "requires": {
        "lru-cache": "^5.0.0"
      }
    },
    "apollo-server-core": {
      "version": "2.9.2",
      "resolved": "https://registry.npmjs.org/apollo-server-core/-/apollo-server-core-2.9.2.tgz",
      "integrity": "sha512-uPjdw1KhyB2vrcBhXoAjQ0d3qT9tstRy1/boCz4gz7InnLpSlCGu5c35RIG2KuXtdQLGB0OHyi7cUt7R8GxK6g==",
      "requires": {
        "@apollographql/apollo-tools": "^0.4.0",
        "@apollographql/graphql-playground-html": "1.6.24",
        "@types/graphql-upload": "^8.0.0",
        "@types/ws": "^6.0.0",
        "apollo-cache-control": "^0.8.3",
        "apollo-datasource": "^0.6.3",
        "apollo-engine-reporting": "^1.4.5",
        "apollo-server-caching": "^0.5.0",
        "apollo-server-env": "^2.4.3",
        "apollo-server-errors": "^2.3.3",
        "apollo-server-plugin-base": "^0.6.3",
        "apollo-server-types": "^0.2.3",
        "apollo-tracing": "^0.8.3",
        "fast-json-stable-stringify": "^2.0.0",
        "graphql-extensions": "^0.10.2",
        "graphql-tag": "^2.9.2",
        "graphql-tools": "^4.0.0",
        "graphql-upload": "^8.0.2",
        "sha.js": "^2.4.11",
        "subscriptions-transport-ws": "^0.9.11",
        "ws": "^6.0.0"
      }
    },
    "apollo-server-env": {
      "version": "2.4.3",
      "resolved": "https://registry.npmjs.org/apollo-server-env/-/apollo-server-env-2.4.3.tgz",
      "integrity": "sha512-23R5Xo9OMYX0iyTu2/qT0EUb+AULCBriA9w8HDfMoChB8M+lFClqUkYtaTTHDfp6eoARLW8kDBhPOBavsvKAjA==",
      "requires": {
        "node-fetch": "^2.1.2",
        "util.promisify": "^1.0.0"
      }
    },
    "apollo-server-errors": {
      "version": "2.3.3",
      "resolved": "https://registry.npmjs.org/apollo-server-errors/-/apollo-server-errors-2.3.3.tgz",
      "integrity": "sha512-MO4oJ129vuCcbqwr5ZwgxqGGiLz3hCyowz0bstUF7MR+vNGe4oe3DWajC9lv4CxrhcqUHQOeOPViOdIo1IxE3g=="
    },
    "apollo-server-plugin-base": {
      "version": "0.6.3",
      "resolved": "https://registry.npmjs.org/apollo-server-plugin-base/-/apollo-server-plugin-base-0.6.3.tgz",
      "integrity": "sha512-tuVWd8F8e2ifsBy/AEMFx9Yqlc2CHYOCA8dA28zwWfH4g7fupgPF4s2WYxrD9zz7A/EUsbbgYdkpLLbKHxBKYw==",
      "requires": {
        "apollo-server-types": "^0.2.3"
      }
    },
    "apollo-server-testing": {
      "version": "2.9.2",
      "resolved": "https://registry.npmjs.org/apollo-server-testing/-/apollo-server-testing-2.9.2.tgz",
      "integrity": "sha512-Bc0gp1Gk2RdZZCmEHhPH7Xg+2cu3pRS7ebGHnGrqjmzpUIH1v2JrVh8QsuU3Jbqf4zZkFa9A5zl4WLfeg+jfoQ==",
      "requires": {
        "apollo-server-core": "^2.9.2"
      }
    },
    "apollo-server-types": {
      "version": "0.2.3",
      "resolved": "https://registry.npmjs.org/apollo-server-types/-/apollo-server-types-0.2.3.tgz",
      "integrity": "sha512-Yq01w7nsLv46nBm+F9xda+bs+FNs2yc5I3AmHe2ZdsCKmWD2msIJA7+JpWU8h95wWumgutvmLgYNnvhiuHk+EQ==",
      "requires": {
        "apollo-engine-reporting-protobuf": "^0.4.0",
        "apollo-server-caching": "^0.5.0",
        "apollo-server-env": "^2.4.3"
      }
    },
    "apollo-tracing": {
      "version": "0.8.3",
      "resolved": "https://registry.npmjs.org/apollo-tracing/-/apollo-tracing-0.8.3.tgz",
      "integrity": "sha512-Zmc5WptmipQ2cUllg3qZuNql0fZyj0GY9OE1OBLrMpllbgzxtmHmNeth33W9mmqoj2o+qk62TYfzO/ztbOiyWQ==",
      "requires": {
        "apollo-server-env": "^2.4.3",
        "graphql-extensions": "^0.10.2"
      }
    },
    "apollo-utilities": {
      "version": "1.3.2",
      "resolved": "https://registry.npmjs.org/apollo-utilities/-/apollo-utilities-1.3.2.tgz",
      "integrity": "sha512-JWNHj8XChz7S4OZghV6yc9FNnzEXj285QYp/nLNh943iObycI5GTDO3NGR9Dth12LRrSFMeDOConPfPln+WGfg==",
      "requires": {
        "@wry/equality": "^0.1.2",
        "fast-json-stable-stringify": "^2.0.0",
        "ts-invariant": "^0.4.0",
        "tslib": "^1.9.3"
      }
    },
    "async-limiter": {
      "version": "1.0.1",
      "resolved": "https://registry.npmjs.org/async-limiter/-/async-limiter-1.0.1.tgz",
      "integrity": "sha512-csOlWGAcRFJaI6m+F2WKdnMKr4HhdhFVBk0H/QbJFMCr+uO2kwohwXQPxw/9OCxp05r5ghVBFSyioixx3gfkNQ=="
    },
    "async-retry": {
      "version": "1.2.3",
      "resolved": "https://registry.npmjs.org/async-retry/-/async-retry-1.2.3.tgz",
      "integrity": "sha512-tfDb02Th6CE6pJUF2gjW5ZVjsgwlucVXOEQMvEX9JgSJMs9gAX+Nz3xRuJBKuUYjTSYORqvDBORdAQ3LU59g7Q==",
      "requires": {
        "retry": "0.12.0"
      }
    },
    "backo2": {
      "version": "1.0.2",
      "resolved": "https://registry.npmjs.org/backo2/-/backo2-1.0.2.tgz",
      "integrity": "sha1-MasayLEpNjRj41s+u2n038+6eUc="
    },
    "busboy": {
      "version": "0.3.1",
      "resolved": "https://registry.npmjs.org/busboy/-/busboy-0.3.1.tgz",
      "integrity": "sha512-y7tTxhGKXcyBxRKAni+awqx8uqaJKrSFSNFSeRG5CsWNdmy2BIK+6VGWEW7TZnIO/533mtMEA4rOevQV815YJw==",
      "requires": {
        "dicer": "0.3.0"
      }
    },
    "core-js": {
      "version": "3.2.1",
      "resolved": "https://registry.npmjs.org/core-js/-/core-js-3.2.1.tgz",
      "integrity": "sha512-Qa5XSVefSVPRxy2XfUC13WbvqkxhkwB3ve+pgCQveNgYzbM/UxZeu1dcOX/xr4UmfUd+muuvsaxilQzCyUurMw=="
    },
    "define-properties": {
      "version": "1.1.3",
      "resolved": "https://registry.npmjs.org/define-properties/-/define-properties-1.1.3.tgz",
      "integrity": "sha512-3MqfYKj2lLzdMSf8ZIZE/V+Zuy+BgD6f164e8K2w7dgnpKArBDerGYpM46IYYcjnkdPNMjPk9A6VFB8+3SKlXQ==",
      "requires": {
        "object-keys": "^1.0.12"
      }
    },
    "depd": {
      "version": "1.1.2",
      "resolved": "https://registry.npmjs.org/depd/-/depd-1.1.2.tgz",
      "integrity": "sha1-m81S4UwJd2PnSbJ0xDRu0uVgtak="
    },
    "deprecated-decorator": {
      "version": "0.1.6",
      "resolved": "https://registry.npmjs.org/deprecated-decorator/-/deprecated-decorator-0.1.6.tgz",
      "integrity": "sha1-AJZjF7ehL+kvPMgx91g68ym4bDc="
    },
    "dicer": {
      "version": "0.3.0",
      "resolved": "https://registry.npmjs.org/dicer/-/dicer-0.3.0.tgz",
      "integrity": "sha512-MdceRRWqltEG2dZqO769g27N/3PXfcKl04VhYnBlo2YhH7zPi88VebsjTKclaOyiuMaGU72hTfw3VkUitGcVCA==",
      "requires": {
        "streamsearch": "0.1.2"
      }
    },
    "es-abstract": {
      "version": "1.13.0",
      "resolved": "https://registry.npmjs.org/es-abstract/-/es-abstract-1.13.0.tgz",
      "integrity": "sha512-vDZfg/ykNxQVwup/8E1BZhVzFfBxs9NqMzGcvIJrqg5k2/5Za2bWo40dK2J1pgLngZ7c+Shh8lwYtLGyrwPutg==",
      "requires": {
        "es-to-primitive": "^1.2.0",
        "function-bind": "^1.1.1",
        "has": "^1.0.3",
        "is-callable": "^1.1.4",
        "is-regex": "^1.0.4",
        "object-keys": "^1.0.12"
      }
    },
    "es-to-primitive": {
      "version": "1.2.0",
      "resolved": "https://registry.npmjs.org/es-to-primitive/-/es-to-primitive-1.2.0.tgz",
      "integrity": "sha512-qZryBOJjV//LaxLTV6UC//WewneB3LcXOL9NP++ozKVXsIIIpm/2c13UDiD9Jp2eThsecw9m3jPqDwTyobcdbg==",
      "requires": {
        "is-callable": "^1.1.4",
        "is-date-object": "^1.0.1",
        "is-symbol": "^1.0.2"
      }
    },
    "eventemitter3": {
      "version": "3.1.2",
      "resolved": "https://registry.npmjs.org/eventemitter3/-/eventemitter3-3.1.2.tgz",
      "integrity": "sha512-tvtQIeLVHjDkJYnzf2dgVMxfuSGJeM/7UCG17TT4EumTfNtF+0nebF/4zWOIkCreAbtNqhGEboB6BWrwqNaw4Q=="
    },
    "fast-json-stable-stringify": {
      "version": "2.0.0",
      "resolved": "https://registry.npmjs.org/fast-json-stable-stringify/-/fast-json-stable-stringify-2.0.0.tgz",
      "integrity": "sha1-1RQsDK7msRifh9OnYREGT4bIu/I="
    },
    "fs-capacitor": {
      "version": "2.0.4",
      "resolved": "https://registry.npmjs.org/fs-capacitor/-/fs-capacitor-2.0.4.tgz",
      "integrity": "sha512-8S4f4WsCryNw2mJJchi46YgB6CR5Ze+4L1h8ewl9tEpL4SJ3ZO+c/bS4BWhB8bK+O3TMqhuZarTitd0S0eh2pA=="
    },
    "function-bind": {
      "version": "1.1.1",
      "resolved": "https://registry.npmjs.org/function-bind/-/function-bind-1.1.1.tgz",
      "integrity": "sha512-yIovAzMX49sF8Yl58fSCWJ5svSLuaibPxXQJFLmBObTuCr0Mf1KiPopGM9NiFjiYBCbfaa2Fh6breQ6ANVTI0A=="
    },
    "graphql": {
      "version": "14.5.4",
      "resolved": "https://registry.npmjs.org/graphql/-/graphql-14.5.4.tgz",
      "integrity": "sha512-dPLvHoxy5m9FrkqWczPPRnH0X80CyvRE6e7Fa5AWEqEAzg9LpxHvKh24po/482E6VWHigOkAmb4xCp6P9yT9gw==",
      "requires": {
        "iterall": "^1.2.2"
      }
    },
    "graphql-extensions": {
      "version": "0.10.2",
      "resolved": "https://registry.npmjs.org/graphql-extensions/-/graphql-extensions-0.10.2.tgz",
      "integrity": "sha512-8c1+Ih8E7zd4vf5sFGEzgz/1CBa410XEyCo/CxRq8bYqPzNKLm24dJonrQNTSwz3+/HVt5xQIPvLzMbVBUBV1g==",
      "requires": {
        "@apollographql/apollo-tools": "^0.4.0",
        "apollo-server-env": "^2.4.3",
        "apollo-server-types": "^0.2.3"
      }
    },
    "graphql-tag": {
      "version": "2.10.1",
      "resolved": "https://registry.npmjs.org/graphql-tag/-/graphql-tag-2.10.1.tgz",
      "integrity": "sha512-jApXqWBzNXQ8jYa/HLkZJaVw9jgwNqZkywa2zfFn16Iv1Zb7ELNHkJaXHR7Quvd5SIGsy6Ny7SUKATgnu05uEg=="
    },
    "graphql-tools": {
      "version": "4.0.5",
      "resolved": "https://registry.npmjs.org/graphql-tools/-/graphql-tools-4.0.5.tgz",
      "integrity": "sha512-kQCh3IZsMqquDx7zfIGWBau42xe46gmqabwYkpPlCLIjcEY1XK+auP7iGRD9/205BPyoQdY8hT96MPpgERdC9Q==",
      "requires": {
        "apollo-link": "^1.2.3",
        "apollo-utilities": "^1.0.1",
        "deprecated-decorator": "^0.1.6",
        "iterall": "^1.1.3",
        "uuid": "^3.1.0"
      }
    },
    "graphql-upload": {
      "version": "8.0.7",
      "resolved": "https://registry.npmjs.org/graphql-upload/-/graphql-upload-8.0.7.tgz",
      "integrity": "sha512-gi2yygbDPXbHPC7H0PNPqP++VKSoNoJO4UrXWq4T0Bi4IhyUd3Ycop/FSxhx2svWIK3jdXR/i0vi91yR1aAF0g==",
      "requires": {
        "busboy": "^0.3.1",
        "fs-capacitor": "^2.0.4",
        "http-errors": "^1.7.2",
        "object-path": "^0.11.4"
      }
    },
    "has": {
      "version": "1.0.3",
      "resolved": "https://registry.npmjs.org/has/-/has-1.0.3.tgz",
      "integrity": "sha512-f2dvO0VU6Oej7RkWJGrehjbzMAjFp5/VKPp5tTpWIV4JHHZK1/BxbFRtf/siA2SWTe09caDmVtYYzWEIbBS4zw==",
      "requires": {
        "function-bind": "^1.1.1"
      }
    },
    "has-symbols": {
      "version": "1.0.0",
      "resolved": "https://registry.npmjs.org/has-symbols/-/has-symbols-1.0.0.tgz",
      "integrity": "sha1-uhqPGvKg/DllD1yFA2dwQSIGO0Q="
    },
    "http-cache-semantics": {
      "version": "4.0.3",
      "resolved": "https://registry.npmjs.org/http-cache-semantics/-/http-cache-semantics-4.0.3.tgz",
      "integrity": "sha512-TcIMG3qeVLgDr1TEd2XvHaTnMPwYQUQMIBLy+5pLSDKYFc7UIqj39w8EGzZkaxoLv/l2K8HaI0t5AVA+YYgUew=="
    },
    "http-errors": {
      "version": "1.7.3",
      "resolved": "https://registry.npmjs.org/http-errors/-/http-errors-1.7.3.tgz",
      "integrity": "sha512-ZTTX0MWrsQ2ZAhA1cejAwDLycFsd7I7nVtnkT3Ol0aqodaKW+0CTZDQ1uBv5whptCnc8e8HeRRJxRs0kmm/Qfw==",
      "requires": {
        "depd": "~1.1.2",
        "inherits": "2.0.4",
        "setprototypeof": "1.1.1",
        "statuses": ">= 1.5.0 < 2",
        "toidentifier": "1.0.0"
      }
    },
    "inherits": {
      "version": "2.0.4",
      "resolved": "https://registry.npmjs.org/inherits/-/inherits-2.0.4.tgz",
      "integrity": "sha512-k/vGaX4/Yla3WzyMCvTQOXYeIHvqOKtnqBduzTHpzpQZzAskKMhZ2K+EnBiSM9zGSoIFeMpXKxa4dYeZIQqewQ=="
    },
    "is-callable": {
      "version": "1.1.4",
      "resolved": "https://registry.npmjs.org/is-callable/-/is-callable-1.1.4.tgz",
      "integrity": "sha512-r5p9sxJjYnArLjObpjA4xu5EKI3CuKHkJXMhT7kwbpUyIFD1n5PMAsoPvWnvtZiNz7LjkYDRZhd7FlI0eMijEA=="
    },
    "is-date-object": {
      "version": "1.0.1",
      "resolved": "https://registry.npmjs.org/is-date-object/-/is-date-object-1.0.1.tgz",
      "integrity": "sha1-mqIOtq7rv/d/vTPnTKAbM1gdOhY="
    },
    "is-regex": {
      "version": "1.0.4",
      "resolved": "https://registry.npmjs.org/is-regex/-/is-regex-1.0.4.tgz",
      "integrity": "sha1-VRdIm1RwkbCTDglWVM7SXul+lJE=",
      "requires": {
        "has": "^1.0.1"
      }
    },
    "is-symbol": {
      "version": "1.0.2",
      "resolved": "https://registry.npmjs.org/is-symbol/-/is-symbol-1.0.2.tgz",
      "integrity": "sha512-HS8bZ9ox60yCJLH9snBpIwv9pYUAkcuLhSA1oero1UB5y9aiQpRA8y2ex945AOtCZL1lJDeIk3G5LthswI46Lw==",
      "requires": {
        "has-symbols": "^1.0.0"
      }
    },
    "iterall": {
      "version": "1.2.2",
      "resolved": "https://registry.npmjs.org/iterall/-/iterall-1.2.2.tgz",
      "integrity": "sha512-yynBb1g+RFUPY64fTrFv7nsjRrENBQJaX2UL+2Szc9REFrSNm1rpSXHGzhmAy7a9uv3vlvgBlXnf9RqmPH1/DA=="
    },
    "lodash.sortby": {
      "version": "4.7.0",
      "resolved": "https://registry.npmjs.org/lodash.sortby/-/lodash.sortby-4.7.0.tgz",
      "integrity": "sha1-7dFMgk4sycHgsKG0K7UhBRakJDg="
    },
    "long": {
      "version": "4.0.0",
      "resolved": "https://registry.npmjs.org/long/-/long-4.0.0.tgz",
      "integrity": "sha512-XsP+KhQif4bjX1kbuSiySJFNAehNxgLb6hPRGJ9QsUr8ajHkuXGdrHmFUTUUXhDwVX2R5bY4JNZEwbUiMhV+MA=="
    },
    "lru-cache": {
      "version": "5.1.1",
      "resolved": "https://registry.npmjs.org/lru-cache/-/lru-cache-5.1.1.tgz",
      "integrity": "sha512-KpNARQA3Iwv+jTA0utUVVbrh+Jlrr1Fv0e56GGzAFOXN7dk/FviaDW8LHmK52DlcH4WP2n6gI8vN1aesBFgo9w==",
      "requires": {
        "yallist": "^3.0.2"
      }
    },
    "node-fetch": {
      "version": "2.6.0",
      "resolved": "https://registry.npmjs.org/node-fetch/-/node-fetch-2.6.0.tgz",
      "integrity": "sha512-8dG4H5ujfvFiqDmVu9fQ5bOHUC15JMjMY/Zumv26oOvvVJjM67KF8koCWIabKQ1GJIa9r2mMZscBq/TbdOcmNA=="
    },
    "object-keys": {
      "version": "1.1.1",
      "resolved": "https://registry.npmjs.org/object-keys/-/object-keys-1.1.1.tgz",
      "integrity": "sha512-NuAESUOUMrlIXOfHKzD6bpPu3tYt3xvjNdRIQ+FeT0lNb4K8WR70CaDxhuNguS2XG+GjkyMwOzsN5ZktImfhLA=="
    },
    "object-path": {
      "version": "0.11.4",
      "resolved": "https://registry.npmjs.org/object-path/-/object-path-0.11.4.tgz",
      "integrity": "sha1-NwrnUvvzfePqcKhhwju6iRVpGUk="
    },
    "object.getownpropertydescriptors": {
      "version": "2.0.3",
      "resolved": "https://registry.npmjs.org/object.getownpropertydescriptors/-/object.getownpropertydescriptors-2.0.3.tgz",
      "integrity": "sha1-h1jIRvW0B62rDyNuCYbxSwUcqhY=",
      "requires": {
        "define-properties": "^1.1.2",
        "es-abstract": "^1.5.1"
      }
    },
    "protobufjs": {
      "version": "6.8.8",
      "resolved": "https://registry.npmjs.org/protobufjs/-/protobufjs-6.8.8.tgz",
      "integrity": "sha512-AAmHtD5pXgZfi7GMpllpO3q1Xw1OYldr+dMUlAnffGTAhqkg72WdmSY71uKBF/JuyiKs8psYbtKrhi0ASCD8qw==",
      "requires": {
        "@protobufjs/aspromise": "^1.1.2",
        "@protobufjs/base64": "^1.1.2",
        "@protobufjs/codegen": "^2.0.4",
        "@protobufjs/eventemitter": "^1.1.0",
        "@protobufjs/fetch": "^1.1.0",
        "@protobufjs/float": "^1.0.2",
        "@protobufjs/inquire": "^1.1.0",
        "@protobufjs/path": "^1.1.2",
        "@protobufjs/pool": "^1.1.0",
        "@protobufjs/utf8": "^1.1.0",
        "@types/long": "^4.0.0",
        "@types/node": "^10.1.0",
        "long": "^4.0.0"
      },
      "dependencies": {
        "@types/node": {
          "version": "10.14.17",
          "resolved": "https://registry.npmjs.org/@types/node/-/node-10.14.17.tgz",
          "integrity": "sha512-p/sGgiPaathCfOtqu2fx5Mu1bcjuP8ALFg4xpGgNkcin7LwRyzUKniEHBKdcE1RPsenq5JVPIpMTJSygLboygQ=="
        }
      }
    },
    "retry": {
      "version": "0.12.0",
      "resolved": "https://registry.npmjs.org/retry/-/retry-0.12.0.tgz",
      "integrity": "sha1-G0KmJmoh8HQh0bC1S33BZ7AcATs="
    },
    "safe-buffer": {
      "version": "5.2.0",
      "resolved": "https://registry.npmjs.org/safe-buffer/-/safe-buffer-5.2.0.tgz",
      "integrity": "sha512-fZEwUGbVl7kouZs1jCdMLdt95hdIv0ZeHg6L7qPeciMZhZ+/gdesW4wgTARkrFWEpspjEATAzUGPG8N2jJiwbg=="
    },
    "setprototypeof": {
      "version": "1.1.1",
      "resolved": "https://registry.npmjs.org/setprototypeof/-/setprototypeof-1.1.1.tgz",
      "integrity": "sha512-JvdAWfbXeIGaZ9cILp38HntZSFSo3mWg6xGcJJsd+d4aRMOqauag1C63dJfDw7OaMYwEbHMOxEZ1lqVRYP2OAw=="
    },
    "sha.js": {
      "version": "2.4.11",
      "resolved": "https://registry.npmjs.org/sha.js/-/sha.js-2.4.11.tgz",
      "integrity": "sha512-QMEp5B7cftE7APOjk5Y6xgrbWu+WkLVQwk8JNjZ8nKRciZaByEW6MubieAiToS7+dwvrjGhH8jRXz3MVd0AYqQ==",
      "requires": {
        "inherits": "^2.0.1",
        "safe-buffer": "^5.0.1"
      }
    },
    "statuses": {
      "version": "1.5.0",
      "resolved": "https://registry.npmjs.org/statuses/-/statuses-1.5.0.tgz",
      "integrity": "sha1-Fhx9rBd2Wf2YEfQ3cfqZOBR4Yow="
    },
    "streamsearch": {
      "version": "0.1.2",
      "resolved": "https://registry.npmjs.org/streamsearch/-/streamsearch-0.1.2.tgz",
      "integrity": "sha1-gIudDlb8Jz2Am6VzOOkpkZoanxo="
    },
    "subscriptions-transport-ws": {
      "version": "0.9.16",
      "resolved": "https://registry.npmjs.org/subscriptions-transport-ws/-/subscriptions-transport-ws-0.9.16.tgz",
      "integrity": "sha512-pQdoU7nC+EpStXnCfh/+ho0zE0Z+ma+i7xvj7bkXKb1dvYHSZxgRPaU6spRP+Bjzow67c/rRDoix5RT0uU9omw==",
      "requires": {
        "backo2": "^1.0.2",
        "eventemitter3": "^3.1.0",
        "iterall": "^1.2.1",
        "symbol-observable": "^1.0.4",
        "ws": "^5.2.0"
      },
      "dependencies": {
        "ws": {
          "version": "5.2.2",
          "resolved": "https://registry.npmjs.org/ws/-/ws-5.2.2.tgz",
          "integrity": "sha512-jaHFD6PFv6UgoIVda6qZllptQsMlDEJkTQcybzzXDYM1XO9Y8em691FGMPmM46WGyLU4z9KMgQN+qrux/nhlHA==",
          "requires": {
            "async-limiter": "~1.0.0"
          }
        }
      }
    },
    "symbol-observable": {
      "version": "1.2.0",
      "resolved": "https://registry.npmjs.org/symbol-observable/-/symbol-observable-1.2.0.tgz",
      "integrity": "sha512-e900nM8RRtGhlV36KGEU9k65K3mPb1WV70OdjfxlG2EAuM1noi/E/BaW/uMhL7bPEssK8QV57vN3esixjUvcXQ=="
    },
    "toidentifier": {
      "version": "1.0.0",
      "resolved": "https://registry.npmjs.org/toidentifier/-/toidentifier-1.0.0.tgz",
      "integrity": "sha512-yaOH/Pk/VEhBWWTlhI+qXxDFXlejDGcQipMlyxda9nthulaxLZUNcUqFxokp0vcYnvteJln5FNQDRrxj3YcbVw=="
    },
    "ts-invariant": {
      "version": "0.4.4",
      "resolved": "https://registry.npmjs.org/ts-invariant/-/ts-invariant-0.4.4.tgz",
      "integrity": "sha512-uEtWkFM/sdZvRNNDL3Ehu4WVpwaulhwQszV8mrtcdeE8nN00BV9mAmQ88RkrBhFgl9gMgvjJLAQcZbnPXI9mlA==",
      "requires": {
        "tslib": "^1.9.3"
      }
    },
    "tslib": {
      "version": "1.10.0",
      "resolved": "https://registry.npmjs.org/tslib/-/tslib-1.10.0.tgz",
      "integrity": "sha512-qOebF53frne81cf0S9B41ByenJ3/IuH8yJKngAX35CmiZySA0khhkovshKK+jGCaMnVomla7gVlIcc3EvKPbTQ=="
    },
    "util.promisify": {
      "version": "1.0.0",
      "resolved": "https://registry.npmjs.org/util.promisify/-/util.promisify-1.0.0.tgz",
      "integrity": "sha512-i+6qA2MPhvoKLuxnJNpXAGhg7HphQOSUq2LKMZD0m15EiskXUkMvKdF4Uui0WYeCUGea+o2cw/ZuwehtfsrNkA==",
      "requires": {
        "define-properties": "^1.1.2",
        "object.getownpropertydescriptors": "^2.0.3"
      }
    },
    "uuid": {
      "version": "3.3.3",
      "resolved": "https://registry.npmjs.org/uuid/-/uuid-3.3.3.tgz",
      "integrity": "sha512-pW0No1RGHgzlpHJO1nsVrHKpOEIxkGg1xB+v0ZmdNH5OAeAwzAVrCnI2/6Mtx+Uys6iaylxa+D3g4j63IKKjSQ=="
    },
    "ws": {
      "version": "6.2.1",
      "resolved": "https://registry.npmjs.org/ws/-/ws-6.2.1.tgz",
      "integrity": "sha512-GIyAXC2cB7LjvpgMt9EKS2ldqr0MTrORaleiOno6TweZ6r3TKtoFQWay/2PceJ3RuBasOHzXNn5Lrw1X0bEjqA==",
      "requires": {
        "async-limiter": "~1.0.0"
      }
    },
    "yallist": {
      "version": "3.0.3",
      "resolved": "https://registry.npmjs.org/yallist/-/yallist-3.0.3.tgz",
      "integrity": "sha512-S+Zk8DEWE6oKpV+vI3qWkaK+jSbIK86pCwe2IF/xwIpQ8jEuxpw9NyaGjmp9+BoJv5FV2piqCDcoCtStppiq2A=="
    },
    "zen-observable": {
      "version": "0.8.14",
      "resolved": "https://registry.npmjs.org/zen-observable/-/zen-observable-0.8.14.tgz",
      "integrity": "sha512-kQz39uonEjEESwh+qCi83kcC3rZJGh4mrZW7xjkSQYXkq//JZHTtKo+6yuVloTgMtzsIWOJrjIrKvk/dqm0L5g=="
    },
    "zen-observable-ts": {
      "version": "0.8.19",
      "resolved": "https://registry.npmjs.org/zen-observable-ts/-/zen-observable-ts-0.8.19.tgz",
      "integrity": "sha512-u1a2rpE13G+jSzrg3aiCqXU5tN2kw41b+cBZGmnc+30YimdkKiDj9bTowcB41eL77/17RF/h+393AuVgShyheQ==",
      "requires": {
        "tslib": "^1.9.3",
        "zen-observable": "^0.8.0"
      }
    }
  }
}
