{
  "name": "apollo-cache-control",
  "version": "0.0.3",
  "lockfileVersion": 1,
  "requires": true,
  "dependencies": {
    "@types/graphql": {
      "version": "0.11.5",
      "resolved": "https://registry.npmjs.org/@types/graphql/-/graphql-0.11.5.tgz",
      "integrity": "sha512-s7w/gfCoD3+IwiGsfn/VGu7XSX0bwv/HA9sU9NmdRwKzx4R8s9u7mqmGRGOcxRzzNEpy93Zv9PK+sZbFNdQ5fg==",
      "dev": true
    },
    "@types/node": {
      "version": "8.0.34",
      "resolved": "https://registry.npmjs.org/@types/node/-/node-8.0.34.tgz",
      "integrity": "sha512-Jnmm57+nHqvJUPwUzt1CLoLzFtF2B2vgG7cWFut+a4nqTp9/L6pL0N+o0Jt3V7AQnCKMsPEqQpLFZYleBCdq3w==",
      "dev": true
    },
    "core-js": {
      "version": "2.5.1",
      "resolved": "https://registry.npmjs.org/core-js/-/core-js-2.5.1.tgz",
      "integrity": "sha1-rmh03GaTd4m4B1T/VCjfZoGcpQs="
    },
    "graphql-extensions": {
      "version": "0.0.2",
      "resolved": "https://registry.npmjs.org/graphql-extensions/-/graphql-extensions-0.0.2.tgz",
      "integrity": "sha512-uWbGI17FDJIWF1IYbjCueHUzXfP614EpyqykT+eqZnp2ioN4xuSoEfZFedWRqaH4Vjwp0eV4xZX0PFMoUZbfpg==",
      "requires": {
        "core-js": "2.5.1",
        "source-map-support": "0.5.0"
      }
    },
    "source-map": {
      "version": "0.6.1",
      "resolved": "https://registry.npmjs.org/source-map/-/source-map-0.6.1.tgz",
      "integrity": "sha512-UjgapumWlbMhkBgzT7Ykc5YXUT46F0iKu8SGXq0bcwP5dz/h0Plj6enJqjz1Zbq2l5WaqYnrVbwWOWMyF3F47g=="
    },
    "source-map-support": {
      "version": "0.5.0",
      "resolved": "https://registry.npmjs.org/source-map-support/-/source-map-support-0.5.0.tgz",
      "integrity": "sha512-vUoN3I7fHQe0R/SJLKRdKYuEdRGogsviXFkHHo17AWaTGv17VLnxw+CFXvqy+y4ORZ3doWLQcxRYfwKrsd/H7Q==",
      "requires": {
        "source-map": "0.6.1"
      }
    },
    "typescript": {
      "version": "2.5.3",
      "resolved": "https://registry.npmjs.org/typescript/-/typescript-2.5.3.tgz",
      "integrity": "sha512-ptLSQs2S4QuS6/OD1eAKG+S5G8QQtrU5RT32JULdZQtM1L3WTi34Wsu48Yndzi8xsObRAB9RPt/KhA9wlpEF6w==",
      "dev": true
    }
  }
}
