# THIS IS AN AUTOGENERATED FILE. DO NOT EDIT THIS FILE DIRECTLY.
# yarn lockfile v1


"@babel/runtime@^7.0.0-beta.40":
  version "7.0.0-beta.44"
  resolved "https://registry.yarnpkg.com/@babel/runtime/-/runtime-7.0.0-beta.44.tgz#ea5ad6c6fe9a2c1187b025bf42424d28050ee696"
  dependencies:
    core-js "^2.5.3"
    regenerator-runtime "^0.11.1"

"@types/accepts@*":
  version "1.3.5"
  resolved "https://registry.yarnpkg.com/@types/accepts/-/accepts-1.3.5.tgz#c34bec115cfc746e04fe5a059df4ce7e7b391575"
  dependencies:
    "@types/node" "*"

"@types/body-parser@*":
  version "1.16.8"
  resolved "https://registry.yarnpkg.com/@types/body-parser/-/body-parser-1.16.8.tgz#687ec34140624a3bec2b1a8ea9268478ae8f3be3"
  dependencies:
    "@types/express" "*"
    "@types/node" "*"

"@types/bunyan@*":
  version "1.8.4"
  resolved "https://registry.yarnpkg.com/@types/bunyan/-/bunyan-1.8.4.tgz#69c11adc7b50538d45fb68d9ae39d062b9432f38"
  dependencies:
    "@types/events" "*"
    "@types/node" "*"

"@types/connect@*", "@types/connect@^3.4.31":
  version "3.4.31"
  resolved "https://registry.yarnpkg.com/@types/connect/-/connect-3.4.31.tgz#1f92d6b117ecc05076c49ecd024f7976e528bad9"
  dependencies:
    "@types/node" "*"

"@types/cookies@*":
  version "0.7.1"
  resolved "https://registry.yarnpkg.com/@types/cookies/-/cookies-0.7.1.tgz#f9f204bd6767d389eea3b87609e30c090c77a540"
  dependencies:
    "@types/connect" "*"
    "@types/express" "*"
    "@types/keygrip" "*"
    "@types/node" "*"

"@types/cors@^2.8.3":
  version "2.8.3"
  resolved "https://registry.yarnpkg.com/@types/cors/-/cors-2.8.3.tgz#eaf6e476da0d36bee6b061a24d57e343ddce86d6"
  dependencies:
    "@types/express" "*"

"@types/events@*":
  version "1.2.0"
  resolved "https://registry.yarnpkg.com/@types/events/-/events-1.2.0.tgz#81a6731ce4df43619e5c8c945383b3e62a89ea86"

"@types/express-serve-static-core@*":
  version "4.11.1"
  resolved "https://registry.yarnpkg.com/@types/express-serve-static-core/-/express-serve-static-core-4.11.1.tgz#f6f7212382d59b19d696677bcaa48a37280f5d45"
  dependencies:
    "@types/events" "*"
    "@types/node" "*"

"@types/express@*", "@types/express@^4.0.36", "@types/express@^4.11.1":
  version "4.11.1"
  resolved "https://registry.yarnpkg.com/@types/express/-/express-4.11.1.tgz#f99663b3ab32d04cb11db612ef5dd7933f75465b"
  dependencies:
    "@types/body-parser" "*"
    "@types/express-serve-static-core" "*"
    "@types/serve-static" "*"

"@types/graphql@^0.12.7":
  version "0.12.7"
  resolved "https://registry.yarnpkg.com/@types/graphql/-/graphql-0.12.7.tgz#392e46d6c1bceb7d68c117233cea787dde72780c"

"@types/http-assert@*":
  version "1.2.2"
  resolved "https://registry.yarnpkg.com/@types/http-assert/-/http-assert-1.2.2.tgz#17dfe5a82184a8898935d96fe2eaedd37d22d9a4"

"@types/keygrip@*":
  version "1.0.1"
  resolved "https://registry.yarnpkg.com/@types/keygrip/-/keygrip-1.0.1.tgz#ff540462d2fb4d0a88441ceaf27d287b01c3d878"

"@types/koa-bodyparser@^4.2.0":
  version "4.2.0"
  resolved "https://registry.yarnpkg.com/@types/koa-bodyparser/-/koa-bodyparser-4.2.0.tgz#04febc567f3d3dd40e3d1a0e095cdf7b07c4d7ce"
  dependencies:
    "@types/koa" "*"

"@types/koa-compose@*":
  version "3.2.2"
  resolved "https://registry.yarnpkg.com/@types/koa-compose/-/koa-compose-3.2.2.tgz#dc106e000bbf92a3ac900f756df47344887ee847"

"@types/koa-router@^7.0.27":
  version "7.0.27"
  resolved "https://registry.yarnpkg.com/@types/koa-router/-/koa-router-7.0.27.tgz#4993d50cb9efdfcfb11f16c726a4b34f8fb3e0d4"
  dependencies:
    "@types/koa" "*"

"@types/koa@*", "@types/koa@^2.0.39":
  version "2.0.44"
  resolved "https://registry.yarnpkg.com/@types/koa/-/koa-2.0.44.tgz#4d972a3dec4d6eb89bd3c16775de26305d1c51a6"
  dependencies:
    "@types/accepts" "*"
    "@types/cookies" "*"
    "@types/events" "*"
    "@types/http-assert" "*"
    "@types/keygrip" "*"
    "@types/koa-compose" "*"
    "@types/node" "*"

"@types/mime@*":
  version "2.0.0"
  resolved "https://registry.yarnpkg.com/@types/mime/-/mime-2.0.0.tgz#5a7306e367c539b9f6543499de8dd519fac37a8b"

"@types/node@*", "@types/node@^9.4.6", "@types/node@^9.6.1":
  version "9.6.1"
  resolved "https://registry.yarnpkg.com/@types/node/-/node-9.6.1.tgz#e2d374ef15b315b48e7efc308fa1a7cd51faa06c"

"@types/restify@^5.0.7":
  version "5.0.7"
  resolved "https://registry.yarnpkg.com/@types/restify/-/restify-5.0.7.tgz#09b736ad96af04814f9501b7b50e84dabcd77228"
  dependencies:
    "@types/bunyan" "*"
    "@types/node" "*"
    "@types/spdy" "*"

"@types/serve-static@*":
  version "1.13.1"
  resolved "https://registry.yarnpkg.com/@types/serve-static/-/serve-static-1.13.1.tgz#1d2801fa635d274cd97d4ec07e26b21b44127492"
  dependencies:
    "@types/express-serve-static-core" "*"
    "@types/mime" "*"

"@types/spdy@*":
  version "3.4.4"
  resolved "https://registry.yarnpkg.com/@types/spdy/-/spdy-3.4.4.tgz#3282fd4ad8c4603aa49f7017dd520a08a345b2bc"
  dependencies:
    "@types/node" "*"

accepts@~1.3.5:
  version "1.3.5"
  resolved "https://registry.yarnpkg.com/accepts/-/accepts-1.3.5.tgz#eb777df6011723a3b14e8a72c0805c8e86746bd2"
  dependencies:
    mime-types "~2.1.18"
    negotiator "0.6.1"

after-all-results@^2.0.0:
  version "2.0.0"
  resolved "https://registry.yarnpkg.com/after-all-results/-/after-all-results-2.0.0.tgz#6ac2fc202b500f88da8f4f5530cfa100f4c6a2d0"

apollo-cache-control@^0.1.0:
  version "0.1.0"
  resolved "https://registry.yarnpkg.com/apollo-cache-control/-/apollo-cache-control-0.1.0.tgz#0c7c9abc312dea3a60e1cb70e0869df2cd970688"
  dependencies:
    graphql-extensions "^0.0.x"

apollo-engine-binary-darwin@0.2018.2-197-g8bb3880fd:
  version "0.2018.2-197-g8bb3880fd"
  resolved "https://registry.yarnpkg.com/apollo-engine-binary-darwin/-/apollo-engine-binary-darwin-0.2018.2-197-g8bb3880fd.tgz#ad90f90e4b0f83b03c8941941c59c05ce13fcb5e"

apollo-engine-binary-linux@0.2018.2-197-g8bb3880fd:
  version "0.2018.2-197-g8bb3880fd"
  resolved "https://registry.yarnpkg.com/apollo-engine-binary-linux/-/apollo-engine-binary-linux-0.2018.2-197-g8bb3880fd.tgz#1c65445f8cd503be532732198674a3b41fa62856"

apollo-engine-binary-windows@0.2018.2-197-g8bb3880fd:
  version "0.2018.2-197-g8bb3880fd"
  resolved "https://registry.yarnpkg.com/apollo-engine-binary-windows/-/apollo-engine-binary-windows-0.2018.2-197-g8bb3880fd.tgz#5a27920fec209cd66533033b55e3419535448e90"

apollo-engine@^1.0.4:
  version "1.0.4"
  resolved "https://registry.yarnpkg.com/apollo-engine/-/apollo-engine-1.0.4.tgz#3bfb5d1b5a4b9703324dc1d5e7394e573c0b836a"
  dependencies:
    "@types/connect" "^3.4.31"
    "@types/express" "^4.0.36"
    "@types/koa" "^2.0.39"
    "@types/koa-bodyparser" "^4.2.0"
    "@types/koa-router" "^7.0.27"
    "@types/restify" "^5.0.7"
  optionalDependencies:
    apollo-engine-binary-darwin "0.2018.2-197-g8bb3880fd"
    apollo-engine-binary-linux "0.2018.2-197-g8bb3880fd"
    apollo-engine-binary-windows "0.2018.2-197-g8bb3880fd"

apollo-link@^1.2.1:
  version "1.2.1"
  resolved "https://registry.yarnpkg.com/apollo-link/-/apollo-link-1.2.1.tgz#c120b16059f9bd93401b9f72b94d2f80f3f305d2"
  dependencies:
    "@types/node" "^9.4.6"
    apollo-utilities "^1.0.0"
    zen-observable-ts "^0.8.6"

apollo-server-core@^1.3.4:
  version "1.3.4"
  resolved "https://registry.yarnpkg.com/apollo-server-core/-/apollo-server-core-1.3.4.tgz#06715290b32375236d90701acb42f415ab78497f"
  dependencies:
    apollo-cache-control "^0.1.0"
    apollo-tracing "^0.1.0"
    graphql-extensions "^0.0.x"

apollo-server-express@^1.3.4:
  version "1.3.4"
  resolved "https://registry.yarnpkg.com/apollo-server-express/-/apollo-server-express-1.3.4.tgz#0ca0d0aa84f4a5489037d834e3c4b619a1a85237"
  dependencies:
    apollo-server-core "^1.3.4"
    apollo-server-module-graphiql "^1.3.4"

apollo-server-module-graphiql@^1.3.4:
  version "1.3.4"
  resolved "https://registry.yarnpkg.com/apollo-server-module-graphiql/-/apollo-server-module-graphiql-1.3.4.tgz#50399b7c51b7267d0c841529f5173e5fc7304de4"

apollo-tracing@^0.1.0:
  version "0.1.4"
  resolved "https://registry.yarnpkg.com/apollo-tracing/-/apollo-tracing-0.1.4.tgz#5b8ae1b01526b160ee6e552a7f131923a9aedcc7"
  dependencies:
    graphql-extensions "~0.0.9"

apollo-upload-server@^5.0.0:
  version "5.0.0"
  resolved "https://registry.yarnpkg.com/apollo-upload-server/-/apollo-upload-server-5.0.0.tgz#c953b523608313966e0c8444637f4ae8ef77d5bc"
  dependencies:
    "@babel/runtime" "^7.0.0-beta.40"
    busboy "^0.2.14"
    object-path "^0.11.4"

apollo-utilities@^1.0.0, apollo-utilities@^1.0.1:
  version "1.0.11"
  resolved "https://registry.yarnpkg.com/apollo-utilities/-/apollo-utilities-1.0.11.tgz#cd36bfa6e5c04eea2caf0c204a0f38a0ad550802"

argparse@^1.0.7:
  version "1.0.10"
  resolved "https://registry.yarnpkg.com/argparse/-/argparse-1.0.10.tgz#bcd6791ea5ae09725e17e5ad988134cd40b3d911"
  dependencies:
    sprintf-js "~1.0.2"

array-flatten@1.1.1:
  version "1.1.1"
  resolved "https://registry.yarnpkg.com/array-flatten/-/array-flatten-1.1.1.tgz#9a5f699051b1e7073328f2a008968b64ea2955d2"

async-cache@^1.1.0:
  version "1.1.0"
  resolved "https://registry.yarnpkg.com/async-cache/-/async-cache-1.1.0.tgz#4a9a5a89d065ec5d8e5254bd9ee96ba76c532b5a"
  dependencies:
    lru-cache "^4.0.0"

async-limiter@~1.0.0:
  version "1.0.0"
  resolved "https://registry.yarnpkg.com/async-limiter/-/async-limiter-1.0.0.tgz#78faed8c3d074ab81f22b4e985d79e8738f720f8"

backo2@^1.0.2:
  version "1.0.2"
  resolved "https://registry.yarnpkg.com/backo2/-/backo2-1.0.2.tgz#31ab1ac8b129363463e35b3ebb69f4dfcfba7947"

balanced-match@^1.0.0:
  version "1.0.0"
  resolved "https://registry.yarnpkg.com/balanced-match/-/balanced-match-1.0.0.tgz#89b4d199ab2bee49de164ea02b89ce462d71b767"

body-parser@1.18.2, body-parser@^1.18.2:
  version "1.18.2"
  resolved "https://registry.yarnpkg.com/body-parser/-/body-parser-1.18.2.tgz#87678a19d84b47d859b83199bd59bce222b10454"
  dependencies:
    bytes "3.0.0"
    content-type "~1.0.4"
    debug "2.6.9"
    depd "~1.1.1"
    http-errors "~1.6.2"
    iconv-lite "0.4.19"
    on-finished "~2.3.0"
    qs "6.5.1"
    raw-body "2.3.2"
    type-is "~1.6.15"

brace-expansion@^1.1.7:
  version "1.1.11"
  resolved "https://registry.yarnpkg.com/brace-expansion/-/brace-expansion-1.1.11.tgz#3c7fcbf529d87226f3d2f52b966ff5271eb441dd"
  dependencies:
    balanced-match "^1.0.0"
    concat-map "0.0.1"

busboy@^0.2.14:
  version "0.2.14"
  resolved "https://registry.yarnpkg.com/busboy/-/busboy-0.2.14.tgz#6c2a622efcf47c57bbbe1e2a9c37ad36c7925453"
  dependencies:
    dicer "0.2.5"
    readable-stream "1.1.x"

bytes@3.0.0:
  version "3.0.0"
  resolved "https://registry.yarnpkg.com/bytes/-/bytes-3.0.0.tgz#d32815404d689699f85a4ea4fa8755dd13a96048"

concat-map@0.0.1:
  version "0.0.1"
  resolved "https://registry.yarnpkg.com/concat-map/-/concat-map-0.0.1.tgz#d8a96bd77fd68df7793a73036a3ba0d5405d477b"

content-disposition@0.5.2:
  version "0.5.2"
  resolved "https://registry.yarnpkg.com/content-disposition/-/content-disposition-0.5.2.tgz#0cf68bb9ddf5f2be7961c3a85178cb85dba78cb4"

content-type@~1.0.4:
  version "1.0.4"
  resolved "https://registry.yarnpkg.com/content-type/-/content-type-1.0.4.tgz#e138cc75e040c727b1966fe5e5f8c9aee256fe3b"

cookie-signature@1.0.6:
  version "1.0.6"
  resolved "https://registry.yarnpkg.com/cookie-signature/-/cookie-signature-1.0.6.tgz#e303a882b342cc3ee8ca513a79999734dab3ae2c"

cookie@0.3.1:
  version "0.3.1"
  resolved "https://registry.yarnpkg.com/cookie/-/cookie-0.3.1.tgz#e7e0a1f9ef43b4c8ba925c5c5a96e806d16873bb"

core-js@^2.5.3:
  version "2.5.4"
  resolved "https://registry.yarnpkg.com/core-js/-/core-js-2.5.4.tgz#f2c8bf181f2a80b92f360121429ce63a2f0aeae0"

core-util-is@~1.0.0:
  version "1.0.2"
  resolved "https://registry.yarnpkg.com/core-util-is/-/core-util-is-1.0.2.tgz#b5fd54220aa2bc5ab57aab7140c940754503c1a7"

cors@^2.8.4:
  version "2.8.4"
  resolved "https://registry.yarnpkg.com/cors/-/cors-2.8.4.tgz#2bd381f2eb201020105cd50ea59da63090694686"
  dependencies:
    object-assign "^4"
    vary "^1"

cross-fetch@2.0.0:
  version "2.0.0"
  resolved "https://registry.yarnpkg.com/cross-fetch/-/cross-fetch-2.0.0.tgz#a17475449561e0f325146cea636a8619efb9b382"
  dependencies:
    node-fetch "2.0.0"
    whatwg-fetch "2.0.3"

debug@2.6.9, debug@^2.2.0:
  version "2.6.9"
  resolved "https://registry.yarnpkg.com/debug/-/debug-2.6.9.tgz#5d128515df134ff327e90a4c93f4e077a536341f"
  dependencies:
    ms "2.0.0"

depd@1.1.1:
  version "1.1.1"
  resolved "https://registry.yarnpkg.com/depd/-/depd-1.1.1.tgz#5783b4e1c459f06fa5ca27f991f3d06e7a310359"

depd@~1.1.1, depd@~1.1.2:
  version "1.1.2"
  resolved "https://registry.yarnpkg.com/depd/-/depd-1.1.2.tgz#9bcd52e14c097763e749b274c4346ed2e560b5a9"

deprecated-decorator@^0.1.6:
  version "0.1.6"
  resolved "https://registry.yarnpkg.com/deprecated-decorator/-/deprecated-decorator-0.1.6.tgz#00966317b7a12fe92f3cc831f7583af329b86c37"

destroy@~1.0.4:
  version "1.0.4"
  resolved "https://registry.yarnpkg.com/destroy/-/destroy-1.0.4.tgz#978857442c44749e4206613e37946205826abd80"

dicer@0.2.5:
  version "0.2.5"
  resolved "https://registry.yarnpkg.com/dicer/-/dicer-0.2.5.tgz#5996c086bb33218c812c090bddc09cd12facb70f"
  dependencies:
    readable-stream "1.1.x"
    streamsearch "0.1.2"

ee-first@1.1.1:
  version "1.1.1"
  resolved "https://registry.yarnpkg.com/ee-first/-/ee-first-1.1.1.tgz#590c61156b0ae2f4f0255732a158b266bc56b21d"

encodeurl@~1.0.2:
  version "1.0.2"
  resolved "https://registry.yarnpkg.com/encodeurl/-/encodeurl-1.0.2.tgz#ad3ff4c86ec2d029322f5a02c3a9a606c95b3f59"

error-callsites@^1.0.1:
  version "1.0.1"
  resolved "https://registry.yarnpkg.com/error-callsites/-/error-callsites-1.0.1.tgz#4286169adf8fc12482f556111724c5aed873a692"

escape-html@~1.0.3:
  version "1.0.3"
  resolved "https://registry.yarnpkg.com/escape-html/-/escape-html-1.0.3.tgz#0258eae4d3d0c0974de1c169188ef0051d1d1988"

esprima@^4.0.0:
  version "4.0.0"
  resolved "https://registry.yarnpkg.com/esprima/-/esprima-4.0.0.tgz#4499eddcd1110e0b218bacf2fa7f7f59f55ca804"

etag@~1.8.1:
  version "1.8.1"
  resolved "https://registry.yarnpkg.com/etag/-/etag-1.8.1.tgz#41ae2eeb65efa62268aebfea83ac7d79299b0887"

eventemitter3@^2.0.3:
  version "2.0.3"
  resolved "https://registry.yarnpkg.com/eventemitter3/-/eventemitter3-2.0.3.tgz#b5e1079b59fb5e1ba2771c0a993be060a58c99ba"

express@^4.16.3:
  version "4.16.3"
  resolved "https://registry.yarnpkg.com/express/-/express-4.16.3.tgz#6af8a502350db3246ecc4becf6b5a34d22f7ed53"
  dependencies:
    accepts "~1.3.5"
    array-flatten "1.1.1"
    body-parser "1.18.2"
    content-disposition "0.5.2"
    content-type "~1.0.4"
    cookie "0.3.1"
    cookie-signature "1.0.6"
    debug "2.6.9"
    depd "~1.1.2"
    encodeurl "~1.0.2"
    escape-html "~1.0.3"
    etag "~1.8.1"
    finalhandler "1.1.1"
    fresh "0.5.2"
    merge-descriptors "1.0.1"
    methods "~1.1.2"
    on-finished "~2.3.0"
    parseurl "~1.3.2"
    path-to-regexp "0.1.7"
    proxy-addr "~2.0.3"
    qs "6.5.1"
    range-parser "~1.2.0"
    safe-buffer "5.1.1"
    send "0.16.2"
    serve-static "1.13.2"
    setprototypeof "1.1.0"
    statuses "~1.4.0"
    type-is "~1.6.16"
    utils-merge "1.0.1"
    vary "~1.1.2"

finalhandler@1.1.1:
  version "1.1.1"
  resolved "https://registry.yarnpkg.com/finalhandler/-/finalhandler-1.1.1.tgz#eebf4ed840079c83f4249038c9d703008301b105"
  dependencies:
    debug "2.6.9"
    encodeurl "~1.0.2"
    escape-html "~1.0.3"
    on-finished "~2.3.0"
    parseurl "~1.3.2"
    statuses "~1.4.0"
    unpipe "~1.0.0"

forwarded@~0.1.2:
  version "0.1.2"
  resolved "https://registry.yarnpkg.com/forwarded/-/forwarded-0.1.2.tgz#98c23dab1175657b8c0573e8ceccd91b0ff18c84"

fresh@0.5.2:
  version "0.5.2"
  resolved "https://registry.yarnpkg.com/fresh/-/fresh-0.5.2.tgz#3d8cadd90d976569fa835ab1f8e4b23a105605a7"

graphql-config@2.0.0:
  version "2.0.0"
  resolved "https://registry.yarnpkg.com/graphql-config/-/graphql-config-2.0.0.tgz#daf69091055c6f675d63893a2d14c48f3fec3327"
  dependencies:
    graphql-import "^0.4.0"
    graphql-request "^1.4.0"
    js-yaml "^3.10.0"
    lodash "^4.17.4"
    minimatch "^3.0.4"

graphql-extensions@^0.0.x, graphql-extensions@~0.0.9:
  version "0.0.10"
  resolved "https://registry.yarnpkg.com/graphql-extensions/-/graphql-extensions-0.0.10.tgz#34bdb2546d43f6a5bc89ab23c295ec0466c6843d"
  dependencies:
    core-js "^2.5.3"
    source-map-support "^0.5.1"

graphql-import@^0.4.0:
  version "0.4.5"
  resolved "https://registry.yarnpkg.com/graphql-import/-/graphql-import-0.4.5.tgz#e2f18c28d335733f46df8e0733d8deb1c6e2a645"
  dependencies:
    lodash "^4.17.4"

graphql-playground-html@1.5.5:
  version "1.5.5"
  resolved "https://registry.yarnpkg.com/graphql-playground-html/-/graphql-playground-html-1.5.5.tgz#e2aca543eb66b435ead495b45244b2604d6b2d48"
  dependencies:
    graphql-config "2.0.0"

graphql-playground-middleware-express@^1.6.0:
  version "1.6.0"
  resolved "https://registry.yarnpkg.com/graphql-playground-middleware-express/-/graphql-playground-middleware-express-1.6.0.tgz#2a9da3a397ea63573c0186cb7b61f300d45794a0"
  dependencies:
    graphql-playground-html "1.5.5"

graphql-request@^1.4.0:
  version "1.5.1"
  resolved "https://registry.yarnpkg.com/graphql-request/-/graphql-request-1.5.1.tgz#cccdf5cce6432ca062b90f7b63793c77c821ff9a"
  dependencies:
    cross-fetch "2.0.0"

graphql-subscriptions@^0.5.8:
  version "0.5.8"
  resolved "https://registry.yarnpkg.com/graphql-subscriptions/-/graphql-subscriptions-0.5.8.tgz#13a6143c546bce390404657dc73ca501def30aa7"
  dependencies:
    iterall "^1.2.1"

graphql-tools@^2.23.1:
  version "2.23.1"
  resolved "https://registry.yarnpkg.com/graphql-tools/-/graphql-tools-2.23.1.tgz#23f43000e2b9dc5a89920fe846fc5f71a320efdb"
  dependencies:
    apollo-link "^1.2.1"
    apollo-utilities "^1.0.1"
    deprecated-decorator "^0.1.6"
    iterall "^1.1.3"
    uuid "^3.1.0"

http-errors@1.6.2:
  version "1.6.2"
  resolved "https://registry.yarnpkg.com/http-errors/-/http-errors-1.6.2.tgz#0a002cc85707192a7e7946ceedc11155f60ec736"
  dependencies:
    depd "1.1.1"
    inherits "2.0.3"
    setprototypeof "1.0.3"
    statuses ">= 1.3.1 < 2"

http-errors@~1.6.2:
  version "1.6.3"
  resolved "https://registry.yarnpkg.com/http-errors/-/http-errors-1.6.3.tgz#8b55680bb4be283a0b5bf4ea2e38580be1d9320d"
  dependencies:
    depd "~1.1.2"
    inherits "2.0.3"
    setprototypeof "1.1.0"
    statuses ">= 1.4.0 < 2"

iconv-lite@0.4.19:
  version "0.4.19"
  resolved "https://registry.yarnpkg.com/iconv-lite/-/iconv-lite-0.4.19.tgz#f7468f60135f5e5dad3399c0a81be9a1603a082b"

in-publish@^2.0.0:
  version "2.0.0"
  resolved "https://registry.yarnpkg.com/in-publish/-/in-publish-2.0.0.tgz#e20ff5e3a2afc2690320b6dc552682a9c7fadf51"

inherits@2.0.3, inherits@~2.0.1:
  version "2.0.3"
  resolved "https://registry.yarnpkg.com/inherits/-/inherits-2.0.3.tgz#633c2c83e3da42a502f52466022480f4208261de"

ipaddr.js@1.6.0:
  version "1.6.0"
  resolved "https://registry.yarnpkg.com/ipaddr.js/-/ipaddr.js-1.6.0.tgz#e3fa357b773da619f26e95f049d055c72796f86b"

isarray@0.0.1:
  version "0.0.1"
  resolved "https://registry.yarnpkg.com/isarray/-/isarray-0.0.1.tgz#8a18acfca9a8f4177e09abfc6038939b05d1eedf"

iterall@^1.1.3, iterall@^1.2.1:
  version "1.2.2"
  resolved "https://registry.yarnpkg.com/iterall/-/iterall-1.2.2.tgz#92d70deb8028e0c39ff3164fdbf4d8b088130cd7"

js-yaml@^3.10.0:
  version "3.11.0"
  resolved "https://registry.yarnpkg.com/js-yaml/-/js-yaml-3.11.0.tgz#597c1a8bd57152f26d622ce4117851a51f5ebaef"
  dependencies:
    argparse "^1.0.7"
    esprima "^4.0.0"

load-source-map@^1.0.0:
  version "1.0.0"
  resolved "https://registry.yarnpkg.com/load-source-map/-/load-source-map-1.0.0.tgz#318f49905ce8a709dfb7cc3f16f3efe3bcf1dd05"
  dependencies:
    in-publish "^2.0.0"
    semver "^5.3.0"
    source-map "^0.5.6"

lodash.assign@^4.2.0:
  version "4.2.0"
  resolved "https://registry.yarnpkg.com/lodash.assign/-/lodash.assign-4.2.0.tgz#0d99f3ccd7a6d261d19bdaeb9245005d285808e7"

lodash.isobject@^3.0.2:
  version "3.0.2"
  resolved "https://registry.yarnpkg.com/lodash.isobject/-/lodash.isobject-3.0.2.tgz#3c8fb8d5b5bf4bf90ae06e14f2a530a4ed935e1d"

lodash.isstring@^4.0.1:
  version "4.0.1"
  resolved "https://registry.yarnpkg.com/lodash.isstring/-/lodash.isstring-4.0.1.tgz#d527dfb5456eca7cc9bb95d5daeaf88ba54a5451"

lodash.merge@^4.6.1:
  version "4.6.1"
  resolved "https://registry.yarnpkg.com/lodash.merge/-/lodash.merge-4.6.1.tgz#adc25d9cb99b9391c59624f379fbba60d7111d54"

lodash@^4.17.4:
  version "4.17.5"
  resolved "https://registry.yarnpkg.com/lodash/-/lodash-4.17.5.tgz#99a92d65c0272debe8c96b6057bc8fbfa3bed511"

lru-cache@^4.0.0:
  version "4.1.2"
  resolved "https://registry.yarnpkg.com/lru-cache/-/lru-cache-4.1.2.tgz#45234b2e6e2f2b33da125624c4664929a0224c3f"
  dependencies:
    pseudomap "^1.0.2"
    yallist "^2.1.2"

media-typer@0.3.0:
  version "0.3.0"
  resolved "https://registry.yarnpkg.com/media-typer/-/media-typer-0.3.0.tgz#8710d7af0aa626f8fffa1ce00168545263255748"

merge-descriptors@1.0.1:
  version "1.0.1"
  resolved "https://registry.yarnpkg.com/merge-descriptors/-/merge-descriptors-1.0.1.tgz#b00aaa556dd8b44568150ec9d1b953f3f90cbb61"

methods@~1.1.2:
  version "1.1.2"
  resolved "https://registry.yarnpkg.com/methods/-/methods-1.1.2.tgz#5529a4d67654134edcc5266656835b0f851afcee"

mime-db@~1.33.0:
  version "1.33.0"
  resolved "https://registry.yarnpkg.com/mime-db/-/mime-db-1.33.0.tgz#a3492050a5cb9b63450541e39d9788d2272783db"

mime-types@~2.1.18:
  version "2.1.18"
  resolved "https://registry.yarnpkg.com/mime-types/-/mime-types-2.1.18.tgz#6f323f60a83d11146f831ff11fd66e2fe5503bb8"
  dependencies:
    mime-db "~1.33.0"

mime@1.4.1:
  version "1.4.1"
  resolved "https://registry.yarnpkg.com/mime/-/mime-1.4.1.tgz#121f9ebc49e3766f311a76e1fa1c8003c4b03aa6"

minimatch@^3.0.4:
  version "3.0.4"
  resolved "https://registry.yarnpkg.com/minimatch/-/minimatch-3.0.4.tgz#5166e286457f03306064be5497e8dbb0c3d32083"
  dependencies:
    brace-expansion "^1.1.7"

ms@2.0.0:
  version "2.0.0"
  resolved "https://registry.yarnpkg.com/ms/-/ms-2.0.0.tgz#5608aeadfc00be6c2901df5f9861788de0d597c8"

negotiator@0.6.1:
  version "0.6.1"
  resolved "https://registry.yarnpkg.com/negotiator/-/negotiator-0.6.1.tgz#2b327184e8992101177b28563fb5e7102acd0ca9"

node-fetch@2.0.0:
  version "2.0.0"
  resolved "https://registry.yarnpkg.com/node-fetch/-/node-fetch-2.0.0.tgz#982bba43ecd4f2922a29cc186a6bbb0bb73fcba6"

object-assign@^4:
  version "4.1.1"
  resolved "https://registry.yarnpkg.com/object-assign/-/object-assign-4.1.1.tgz#2109adc7965887cfc05cbbd442cac8bfbb360863"

object-path@^0.11.4:
  version "0.11.4"
  resolved "https://registry.yarnpkg.com/object-path/-/object-path-0.11.4.tgz#370ae752fbf37de3ea70a861c23bba8915691949"

on-finished@~2.3.0:
  version "2.3.0"
  resolved "https://registry.yarnpkg.com/on-finished/-/on-finished-2.3.0.tgz#20f1336481b083cd75337992a16971aa2d906947"
  dependencies:
    ee-first "1.1.1"

parseurl@~1.3.2:
  version "1.3.2"
  resolved "https://registry.yarnpkg.com/parseurl/-/parseurl-1.3.2.tgz#fc289d4ed8993119460c156253262cdc8de65bf3"

path-is-absolute@^1.0.1:
  version "1.0.1"
  resolved "https://registry.yarnpkg.com/path-is-absolute/-/path-is-absolute-1.0.1.tgz#174b9268735534ffbc7ace6bf53a5a9e1b5c5f5f"

path-to-regexp@0.1.7:
  version "0.1.7"
  resolved "https://registry.yarnpkg.com/path-to-regexp/-/path-to-regexp-0.1.7.tgz#df604178005f522f15eb4490e7247a1bfaa67f8c"

proxy-addr@~2.0.3:
  version "2.0.3"
  resolved "https://registry.yarnpkg.com/proxy-addr/-/proxy-addr-2.0.3.tgz#355f262505a621646b3130a728eb647e22055341"
  dependencies:
    forwarded "~0.1.2"
    ipaddr.js "1.6.0"

pseudomap@^1.0.2:
  version "1.0.2"
  resolved "https://registry.yarnpkg.com/pseudomap/-/pseudomap-1.0.2.tgz#f052a28da70e618917ef0a8ac34c1ae5a68286b3"

qs@6.5.1:
  version "6.5.1"
  resolved "https://registry.yarnpkg.com/qs/-/qs-6.5.1.tgz#349cdf6eef89ec45c12d7d5eb3fc0c870343a6d8"

range-parser@~1.2.0:
  version "1.2.0"
  resolved "https://registry.yarnpkg.com/range-parser/-/range-parser-1.2.0.tgz#f49be6b487894ddc40dcc94a322f611092e00d5e"

raw-body@2.3.2:
  version "2.3.2"
  resolved "https://registry.yarnpkg.com/raw-body/-/raw-body-2.3.2.tgz#bcd60c77d3eb93cde0050295c3f379389bc88f89"
  dependencies:
    bytes "3.0.0"
    http-errors "1.6.2"
    iconv-lite "0.4.19"
    unpipe "1.0.0"

readable-stream@1.1.x:
  version "1.1.14"
  resolved "https://registry.yarnpkg.com/readable-stream/-/readable-stream-1.1.14.tgz#7cf4c54ef648e3813084c636dd2079e166c081d9"
  dependencies:
    core-util-is "~1.0.0"
    inherits "~2.0.1"
    isarray "0.0.1"
    string_decoder "~0.10.x"

regenerator-runtime@^0.11.1:
  version "0.11.1"
  resolved "https://registry.yarnpkg.com/regenerator-runtime/-/regenerator-runtime-0.11.1.tgz#be05ad7f9bf7d22e056f9726cee5017fbf19e2e9"

safe-buffer@5.1.1, safe-buffer@~5.1.0:
  version "5.1.1"
  resolved "https://registry.yarnpkg.com/safe-buffer/-/safe-buffer-5.1.1.tgz#893312af69b2123def71f57889001671eeb2c853"

semver@^5.3.0:
  version "5.5.0"
  resolved "https://registry.yarnpkg.com/semver/-/semver-5.5.0.tgz#dc4bbc7a6ca9d916dee5d43516f0092b58f7b8ab"

send@0.16.2:
  version "0.16.2"
  resolved "https://registry.yarnpkg.com/send/-/send-0.16.2.tgz#6ecca1e0f8c156d141597559848df64730a6bbc1"
  dependencies:
    debug "2.6.9"
    depd "~1.1.2"
    destroy "~1.0.4"
    encodeurl "~1.0.2"
    escape-html "~1.0.3"
    etag "~1.8.1"
    fresh "0.5.2"
    http-errors "~1.6.2"
    mime "1.4.1"
    ms "2.0.0"
    on-finished "~2.3.0"
    range-parser "~1.2.0"
    statuses "~1.4.0"

serve-static@1.13.2:
  version "1.13.2"
  resolved "https://registry.yarnpkg.com/serve-static/-/serve-static-1.13.2.tgz#095e8472fd5b46237db50ce486a43f4b86c6cec1"
  dependencies:
    encodeurl "~1.0.2"
    escape-html "~1.0.3"
    parseurl "~1.3.2"
    send "0.16.2"

setprototypeof@1.0.3:
  version "1.0.3"
  resolved "https://registry.yarnpkg.com/setprototypeof/-/setprototypeof-1.0.3.tgz#66567e37043eeb4f04d91bd658c0cbefb55b8e04"

setprototypeof@1.1.0:
  version "1.1.0"
  resolved "https://registry.yarnpkg.com/setprototypeof/-/setprototypeof-1.1.0.tgz#d0bd85536887b6fe7c0d818cb962d9d91c54e656"

source-map-support@^0.5.1:
  version "0.5.4"
  resolved "https://registry.yarnpkg.com/source-map-support/-/source-map-support-0.5.4.tgz#54456efa89caa9270af7cd624cc2f123e51fbae8"
  dependencies:
    source-map "^0.6.0"

source-map@^0.5.6:
  version "0.5.7"
  resolved "https://registry.yarnpkg.com/source-map/-/source-map-0.5.7.tgz#8a039d2d1021d22d1ea14c80d8ea468ba2ef3fcc"

source-map@^0.6.0:
  version "0.6.1"
  resolved "https://registry.yarnpkg.com/source-map/-/source-map-0.6.1.tgz#74722af32e9614e9c287a8d0bbde48b5e2f1a263"

sprintf-js@~1.0.2:
  version "1.0.3"
  resolved "https://registry.yarnpkg.com/sprintf-js/-/sprintf-js-1.0.3.tgz#04e6926f662895354f3dd015203633b857297e2c"

stackman@^3.0.1:
  version "3.0.1"
  resolved "https://registry.yarnpkg.com/stackman/-/stackman-3.0.1.tgz#915a77753201d66e3f2df64252c2381a177f374b"
  dependencies:
    after-all-results "^2.0.0"
    async-cache "^1.1.0"
    debug "^2.2.0"
    error-callsites "^1.0.1"
    load-source-map "^1.0.0"
    path-is-absolute "^1.0.1"

"statuses@>= 1.3.1 < 2", "statuses@>= 1.4.0 < 2":
  version "1.5.0"
  resolved "https://registry.yarnpkg.com/statuses/-/statuses-1.5.0.tgz#161c7dac177659fd9811f43771fa99381478628c"

statuses@~1.4.0:
  version "1.4.0"
  resolved "https://registry.yarnpkg.com/statuses/-/statuses-1.4.0.tgz#bb73d446da2796106efcc1b601a253d6c46bd087"

streamsearch@0.1.2:
  version "0.1.2"
  resolved "https://registry.yarnpkg.com/streamsearch/-/streamsearch-0.1.2.tgz#808b9d0e56fc273d809ba57338e929919a1a9f1a"

string_decoder@~0.10.x:
  version "0.10.31"
  resolved "https://registry.yarnpkg.com/string_decoder/-/string_decoder-0.10.31.tgz#62e203bc41766c6c28c9fc84301dab1c5310fa94"

subscriptions-transport-ws@^0.9.7:
  version "0.9.7"
  resolved "https://registry.yarnpkg.com/subscriptions-transport-ws/-/subscriptions-transport-ws-0.9.7.tgz#9be456d6e188c96a53c91f570850e59bee5840ac"
  dependencies:
    backo2 "^1.0.2"
    eventemitter3 "^2.0.3"
    iterall "^1.2.1"
    lodash.assign "^4.2.0"
    lodash.isobject "^3.0.2"
    lodash.isstring "^4.0.1"
    symbol-observable "^1.0.4"
    ws "^3.0.0"

symbol-observable@^1.0.4:
  version "1.2.0"
  resolved "https://registry.yarnpkg.com/symbol-observable/-/symbol-observable-1.2.0.tgz#c22688aed4eab3cdc2dfeacbb561660560a00804"

type-is@~1.6.15, type-is@~1.6.16:
  version "1.6.16"
  resolved "https://registry.yarnpkg.com/type-is/-/type-is-1.6.16.tgz#f89ce341541c672b25ee7ae3c73dee3b2be50194"
  dependencies:
    media-typer "0.3.0"
    mime-types "~2.1.18"

typescript@2.8.1:
  version "2.8.1"
  resolved "https://registry.yarnpkg.com/typescript/-/typescript-2.8.1.tgz#6160e4f8f195d5ba81d4876f9c0cc1fbc0820624"

ultron@~1.1.0:
  version "1.1.1"
  resolved "https://registry.yarnpkg.com/ultron/-/ultron-1.1.1.tgz#9fe1536a10a664a65266a1e3ccf85fd36302bc9c"

unpipe@1.0.0, unpipe@~1.0.0:
  version "1.0.0"
  resolved "https://registry.yarnpkg.com/unpipe/-/unpipe-1.0.0.tgz#b2bf4ee8514aae6165b4817829d21b2ef49904ec"

utils-merge@1.0.1:
  version "1.0.1"
  resolved "https://registry.yarnpkg.com/utils-merge/-/utils-merge-1.0.1.tgz#9f95710f50a267947b2ccc124741c1028427e713"

uuid@^3.1.0:
  version "3.2.1"
  resolved "https://registry.yarnpkg.com/uuid/-/uuid-3.2.1.tgz#12c528bb9d58d0b9265d9a2f6f0fe8be17ff1f14"

vary@^1, vary@~1.1.2:
  version "1.1.2"
  resolved "https://registry.yarnpkg.com/vary/-/vary-1.1.2.tgz#2299f02c6ded30d4a5961b0b9f74524a18f634fc"

whatwg-fetch@2.0.3:
  version "2.0.3"
  resolved "https://registry.yarnpkg.com/whatwg-fetch/-/whatwg-fetch-2.0.3.tgz#9c84ec2dcf68187ff00bc64e1274b442176e1c84"

ws@^3.0.0:
  version "3.3.3"
  resolved "https://registry.yarnpkg.com/ws/-/ws-3.3.3.tgz#f1cf84fe2d5e901ebce94efaece785f187a228f2"
  dependencies:
    async-limiter "~1.0.0"
    safe-buffer "~5.1.0"
    ultron "~1.1.0"

yallist@^2.1.2:
  version "2.1.2"
  resolved "https://registry.yarnpkg.com/yallist/-/yallist-2.1.2.tgz#1c11f9218f076089a47dd512f93c6699a6a81d52"

zen-observable-ts@^0.8.6:
  version "0.8.8"
  resolved "https://registry.yarnpkg.com/zen-observable-ts/-/zen-observable-ts-0.8.8.tgz#1a586dc204fa5632a88057f879500e0d2ba06869"
  dependencies:
    zen-observable "^0.7.0"

zen-observable@^0.7.0:
  version "0.7.1"
  resolved "https://registry.yarnpkg.com/zen-observable/-/zen-observable-0.7.1.tgz#f84075c0ee085594d3566e1d6454207f126411b3"
