# @generated - this file is auto-generated by `mise lock` https://mise.en.dev/dev-tools/mise-lock.html

[[tools."github:codecov/codecov-cli"]]
version = "10.4.0"
backend = "github:codecov/codecov-cli"

[tools."github:codecov/codecov-cli"."platforms.linux-arm64"]
checksum = "blake3:68f96ede4e611d7bdc3cd1a9e0d12c3c08cc9efac5325eaf04cd44bcf1a6813f"
url = "https://github.com/codecov/codecov-cli/releases/download/v10.4.0/codecovcli_linux_arm64"
url_api = "https://api.github.com/repos/codecov/codecov-cli/releases/assets/244442559"

[tools."github:codecov/codecov-cli"."platforms.linux-arm64-musl"]
checksum = "blake3:5f02a5b9221542c6ac3c4b6d1b318373d9a65af9a3579b38b8ddd8e6ca82c9be"
url = "https://github.com/codecov/codecov-cli/releases/download/v10.4.0/codecovcli_alpine_arm64"
url_api = "https://api.github.com/repos/codecov/codecov-cli/releases/assets/244442413"

[tools."github:codecov/codecov-cli"."platforms.linux-x64"]
checksum = "blake3:7601bc5982daed458150c09070af94f07bba4220639c7b4c60526e511064d601"
url = "https://github.com/codecov/codecov-cli/releases/download/v10.4.0/codecovcli_linux"
url_api = "https://api.github.com/repos/codecov/codecov-cli/releases/assets/244441838"

[tools."github:codecov/codecov-cli"."platforms.linux-x64-musl"]
checksum = "blake3:53253f3d73f5550331fe62531b0622d63b4c44dd79e8c4815f51371c9ebb9e46"
url = "https://github.com/codecov/codecov-cli/releases/download/v10.4.0/codecovcli_alpine_x86_64"
url_api = "https://api.github.com/repos/codecov/codecov-cli/releases/assets/244441834"

[tools."github:codecov/codecov-cli"."platforms.macos-arm64"]
checksum = "blake3:fcfadc4f79dbdb211632db8857b1dbb09db2df1806a39a0dcdead77a7681111a"
url = "https://github.com/codecov/codecov-cli/releases/download/v10.4.0/codecovcli_macos"
url_api = "https://api.github.com/repos/codecov/codecov-cli/releases/assets/244441853"

[tools."github:codecov/codecov-cli"."platforms.macos-x64"]
checksum = "blake3:fcfadc4f79dbdb211632db8857b1dbb09db2df1806a39a0dcdead77a7681111a"
url = "https://github.com/codecov/codecov-cli/releases/download/v10.4.0/codecovcli_macos"
url_api = "https://api.github.com/repos/codecov/codecov-cli/releases/assets/244441853"

[tools."github:codecov/codecov-cli"."platforms.windows-x64"]
checksum = "blake3:bce1b2a424ce604086bd5c12557c1f6be74e32879eeb0b192165c338aa83b54f"
url = "https://github.com/codecov/codecov-cli/releases/download/v10.4.0/codecovcli_windows.exe"
url_api = "https://api.github.com/repos/codecov/codecov-cli/releases/assets/244441937"

[[tools.node]]
version = "24.21.0"
backend = "core:node"

[tools.node."platforms.linux-arm64"]
checksum = "sha256:724282c3b43aec998aa9527380465b45d229e021b58035f5f4f63095eabfe5d5"
url = "https://nodejs.org/dist/v24.21.0/node-v24.21.0-linux-arm64.tar.gz"

[tools.node."platforms.linux-arm64-musl"]
checksum = "sha256:3048b0811e158ca0d8672b59c839861763e144492980d8d29b369dfee45747e4"
url = "https://unofficial-builds.nodejs.org/download/release/v24.21.0/node-v24.21.0-linux-arm64-musl.tar.gz"

[tools.node."platforms.linux-x64"]
checksum = "sha256:6e1db87ef58b8819e5d5402eff1536491b18edd8eb7bee5ef7897876e88dc5ff"
url = "https://nodejs.org/dist/v24.21.0/node-v24.21.0-linux-x64.tar.gz"

[tools.node."platforms.linux-x64-musl"]
checksum = "sha256:01a713e34da98e7b4d2a3191ee7ca3f93dd0384d1a2ef23c379b2161ee6e133a"
url = "https://unofficial-builds.nodejs.org/download/release/v24.21.0/node-v24.21.0-linux-x64-musl.tar.gz"

[tools.node."platforms.macos-arm64"]
checksum = "sha256:bed7eea5325e1108f32ce5228ddd6a5f0f08a499ee42aa7442aea583702f6057"
url = "https://nodejs.org/dist/v24.21.0/node-v24.21.0-darwin-arm64.tar.gz"

[tools.node."platforms.macos-x64"]
checksum = "sha256:1462cb3b3046b815cf8ea436d3da450ec1a9f11dac7e5a46b0ada5305d7e8097"
url = "https://nodejs.org/dist/v24.21.0/node-v24.21.0-darwin-x64.tar.gz"

[tools.node."platforms.windows-x64"]
checksum = "sha256:158f7685b44de51f6c0df1d153526cbcd3e1bc739a8dfc607721cef75de9e541"
url = "https://nodejs.org/dist/v24.21.0/node-v24.21.0-win-x64.zip"

[[tools.npm]]
version = "11.19.1"
backend = "npm:npm"

[tools.npm."platforms.linux-arm64"]
url = "https://registry.npmjs.org/npm/-/npm-11.19.1.tgz"

[tools.npm."platforms.linux-arm64-musl"]
url = "https://registry.npmjs.org/npm/-/npm-11.19.1.tgz"

[tools.npm."platforms.linux-x64"]
url = "https://registry.npmjs.org/npm/-/npm-11.19.1.tgz"

[tools.npm."platforms.linux-x64-musl"]
url = "https://registry.npmjs.org/npm/-/npm-11.19.1.tgz"

[tools.npm."platforms.macos-arm64"]
url = "https://registry.npmjs.org/npm/-/npm-11.19.1.tgz"

[tools.npm."platforms.macos-x64"]
url = "https://registry.npmjs.org/npm/-/npm-11.19.1.tgz"
